{
  "version": 4,
  "terraform_version": "1.3.6",
  "serial": 102,
  "lineage": "fe586ead-2b9e-89a7-9e17-ab29844f2af8",
  "outputs": {},
  "resources": [
    {
      "mode": "data",
      "type": "confluent_schema_registry_region",
      "name": "essentialsdata",
      "provider": "provider[\"registry.terraform.io/confluentinc/confluent\"]",
      "instances": [
        {
          "schema_version": 0,
          "attributes": {
            "cloud": "AWS",
            "id": "sgreg-1",
            "package": "ESSENTIALS",
            "region": "us-east-2"
          },
          "sensitive_attributes": []
        }
      ]
    },
    {
      "mode": "managed",
      "type": "confluent_api_key",
      "name": "app-connector-kafka-api-key",
      "provider": "provider[\"registry.terraform.io/confluentinc/confluent\"]",
      "instances": [
        {
          "schema_version": 0,
          "attributes": {
            "description": "Kafka API Key that is owned by 'app-connector' service account",
            "disable_wait_for_ready": false,
            "display_name": "app-connector-kafka-api-key",
            "id": "XXKF5KAXMST7OEY4",
            "managed_resource": [
              {
                "api_version": "cmk/v2",
                "environment": [
                  {
                    "id": "env-22zgq2"
                  }
                ],
                "id": "lkc-nww38k",
                "kind": "Cluster"
              }
            ],
            "owner": [
              {
                "api_version": "iam/v2",
                "id": "sa-kgdw26",
                "kind": "ServiceAccount"
              }
            ],
            "secret": "Fou0wY0L6ncA5UwPkxIgy3CkzSSPah/06btc5sxZIQbj8qXY/n7fJf780kGxHRss"
          },
          "sensitive_attributes": [],
          "private": "bnVsbA==",
          "dependencies": [
            "confluent_environment.staging",
            "confluent_kafka_cluster.basic",
            "confluent_service_account.app-connector"
          ]
        }
      ]
    },
    {
      "mode": "managed",
      "type": "confluent_api_key",
      "name": "app-manager-kafka-api-key",
      "provider": "provider[\"registry.terraform.io/confluentinc/confluent\"]",
      "instances": [
        {
          "schema_version": 0,
          "attributes": {
            "description": "Kafka API Key that is owned by 'app-manager' service account",
            "disable_wait_for_ready": false,
            "display_name": "app-manager-kafka-api-key",
            "id": "P2CRYVDFIJGI4MM2",
            "managed_resource": [
              {
                "api_version": "cmk/v2",
                "environment": [
                  {
                    "id": "env-22zgq2"
                  }
                ],
                "id": "lkc-nww38k",
                "kind": "Cluster"
              }
            ],
            "owner": [
              {
                "api_version": "iam/v2",
                "id": "sa-wzqk0j",
                "kind": "ServiceAccount"
              }
            ],
            "secret": "14VZpIrF0oAIcGMZY9RobXIt6LtA6mDbzQRZWk3jQ+nQaDO2cdudXK+2Hdo7a29w"
          },
          "sensitive_attributes": [],
          "private": "bnVsbA==",
          "dependencies": [
            "confluent_environment.staging",
            "confluent_kafka_cluster.basic",
            "confluent_service_account.app-manager"
          ]
        }
      ]
    },
    {
      "mode": "managed",
      "type": "confluent_api_key",
      "name": "app-producer-kafka-api-key",
      "provider": "provider[\"registry.terraform.io/confluentinc/confluent\"]",
      "instances": [
        {
          "schema_version": 0,
          "attributes": {
            "description": "Kafka API Key that is owned by 'app-producer' service account",
            "disable_wait_for_ready": false,
            "display_name": "app-producer-kafka-api-key",
            "id": "DJIAPONZOM2FPFEO",
            "managed_resource": [
              {
                "api_version": "cmk/v2",
                "environment": [
                  {
                    "id": "env-22zgq2"
                  }
                ],
                "id": "lkc-nww38k",
                "kind": "Cluster"
              }
            ],
            "owner": [
              {
                "api_version": "iam/v2",
                "id": "sa-5mpy3z",
                "kind": "ServiceAccount"
              }
            ],
            "secret": "4PN2VECR1b9sL3uESdIKLlQPYHlH56Avz80ayD31UYni+923O67bl3I0gqDFH+ea"
          },
          "sensitive_attributes": [],
          "private": "bnVsbA==",
          "dependencies": [
            "confluent_environment.staging",
            "confluent_kafka_cluster.basic",
            "confluent_service_account.app-producer"
          ]
        }
      ]
    },
    {
      "mode": "managed",
      "type": "confluent_connector",
      "name": "lambdasink",
      "provider": "provider[\"registry.terraform.io/confluentinc/confluent\"]",
      "instances": [
        {
          "schema_version": 0,
          "attributes": {
            "config_nonsensitive": {
              "aws.lambda.configuration.mode": "multiple",
              "aws.lambda.region": "us-east-1",
              "aws.lambda.topic2function.map": "pksqlc-qw217PQ_FORM_W2;formw2byjson-production-pdf,pksqlc-qw217PQ_FORM_NEC;form1099byjson-production-pdf",
              "connector.class": "LambdaSink",
              "input.data.format": "AVRO",
              "kafka.auth.mode": "SERVICE_ACCOUNT",
              "kafka.service.account.id": "sa-kgdw26",
              "name": "DEV_LAMBDACONNECTOR",
              "tasks.max": "1",
              "topics": "pksqlc-qw217PQ_FORM_NEC,pksqlc-qw217PQ_FORM_W2"
            },
            "config_sensitive": {
              "aws.access.key.id": "AKIATIZEBQYKFGLJLBUB",
              "aws.secret.access.key": "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"
            },
            "environment": [
              {
                "id": "env-22zgq2"
              }
            ],
            "id": "lcc-8wwjx0",
            "kafka_cluster": [
              {
                "id": "lkc-nww38k"
              }
            ],
            "status": "RUNNING",
            "timeouts": null
          },
          "sensitive_attributes": [
            [
              {
                "type": "get_attr",
                "value": "config_nonsensitive"
              },
              {
                "type": "index",
                "value": {
                  "value": "aws.lambda.topic2function.map",
                  "type": "string"
                }
              }
            ],
            [
              {
                "type": "get_attr",
                "value": "config_nonsensitive"
              },
              {
                "type": "index",
                "value": {
                  "value": "topics",
                  "type": "string"
                }
              }
            ],
            [
              {
                "type": "get_attr",
                "value": "config_sensitive"
              },
              {
                "type": "index",
                "value": {
                  "value": "aws.secret.access.key",
                  "type": "string"
                }
              }
            ]
          ],
          "private": "eyJlMmJmYjczMC1lY2FhLTExZTYtOGY4OC0zNDM2M2JjN2M0YzAiOnsiY3JlYXRlIjo4NjQwMDAwMDAwMDAwMH19",
          "dependencies": [
            "confluent_connector.sql-cdc-source",
            "confluent_environment.staging",
            "confluent_kafka_acl.app-connector-create-on-dlq-lcc-topics",
            "confluent_kafka_acl.app-connector-create-on-error-lcc-topics",
            "confluent_kafka_acl.app-connector-create-on-success-lcc-topics",
            "confluent_kafka_acl.app-connector-describe-on-cluster",
            "confluent_kafka_acl.app-connector-read-on-connect-lcc-group",
            "confluent_kafka_acl.app-connector-read-on-target-topic",
            "confluent_kafka_acl.app-connector-write-on-dlq-lcc-topics",
            "confluent_kafka_acl.app-connector-write-on-error-lcc-topics",
            "confluent_kafka_acl.app-connector-write-on-success-lcc-topics",
            "confluent_kafka_acl.app-connector-write-on-topic",
            "confluent_kafka_cluster.basic",
            "confluent_service_account.app-connector"
          ]
        }
      ]
    },
    {
      "mode": "managed",
      "type": "confluent_connector",
      "name": "mongodbatlasSink",
      "provider": "provider[\"registry.terraform.io/confluentinc/confluent\"]",
      "instances": [
        {
          "schema_version": 0,
          "attributes": {
            "config_nonsensitive": {
              "collection": "Link_Return_Detail",
              "connection.host": "cluster0.homja.mongodb.net",
              "connection.user": "root",
              "connector.class": "MongoDbAtlasSink",
              "database": "LinkDB_Dev",
              "input.data.format": "AVRO",
              "kafka.auth.mode": "SERVICE_ACCOUNT",
              "kafka.service.account.id": "sa-kgdw26",
              "name": "DEV_MONGODBATLAS_CONNECTOR",
              "tasks.max": "1",
              "topics": "pksqlc-qw217PQ_FORM_NEC,pksqlc-qw217PQ_FORM_W2"
            },
            "config_sensitive": {
              "connection.host": "cluster0.homja.mongodb.net",
              "connection.password": "Vhtbcvdescfd"
            },
            "environment": [
              {
                "id": "env-22zgq2"
              }
            ],
            "id": "lcc-m88y11",
            "kafka_cluster": [
              {
                "id": "lkc-nww38k"
              }
            ],
            "status": "RUNNING",
            "timeouts": null
          },
          "sensitive_attributes": [
            [
              {
                "type": "get_attr",
                "value": "config_nonsensitive"
              },
              {
                "type": "index",
                "value": {
                  "value": "topics",
                  "type": "string"
                }
              }
            ],
            [
              {
                "type": "get_attr",
                "value": "config_sensitive"
              },
              {
                "type": "index",
                "value": {
                  "value": "connection.host",
                  "type": "string"
                }
              }
            ],
            [
              {
                "type": "get_attr",
                "value": "config_sensitive"
              },
              {
                "type": "index",
                "value": {
                  "value": "connection.password",
                  "type": "string"
                }
              }
            ]
          ],
          "private": "eyJlMmJmYjczMC1lY2FhLTExZTYtOGY4OC0zNDM2M2JjN2M0YzAiOnsiY3JlYXRlIjo4NjQwMDAwMDAwMDAwMH19",
          "dependencies": [
            "confluent_connector.sql-cdc-source",
            "confluent_environment.staging",
            "confluent_kafka_acl.app-connector-create-on-dlq-lcc-topics",
            "confluent_kafka_acl.app-connector-create-on-error-lcc-topics",
            "confluent_kafka_acl.app-connector-create-on-success-lcc-topics",
            "confluent_kafka_acl.app-connector-describe-on-cluster",
            "confluent_kafka_acl.app-connector-read-on-connect-lcc-group",
            "confluent_kafka_acl.app-connector-read-on-target-topic",
            "confluent_kafka_acl.app-connector-write-on-dlq-lcc-topics",
            "confluent_kafka_acl.app-connector-write-on-error-lcc-topics",
            "confluent_kafka_acl.app-connector-write-on-success-lcc-topics",
            "confluent_kafka_acl.app-connector-write-on-topic",
            "confluent_kafka_cluster.basic",
            "confluent_service_account.app-connector"
          ]
        }
      ]
    },
    {
      "mode": "managed",
      "type": "confluent_connector",
      "name": "sql-cdc-source",
      "provider": "provider[\"registry.terraform.io/confluentinc/confluent\"]",
      "instances": [
        {
          "schema_version": 0,
          "attributes": {
            "config_nonsensitive": {
              "connector.class": "SqlServerCdcSource",
              "database.dbname": "ExpressTaxFilingsDB_Dev",
              "database.hostname": "129.80.52.22",
              "database.port": "1433",
              "database.server.name": "dev",
              "database.user": "sa",
              "decimal.handling.mode": "double",
              "json.output.decimal.format": "NUMERIC",
              "kafka.auth.mode": "SERVICE_ACCOUNT",
              "kafka.service.account.id": "sa-kgdw26",
              "name": "DEV_CDC_ETF",
              "output.data.format": "AVRO",
              "output.key.format": "AVRO",
              "snapshot.mode": "schema_only",
              "table.include.list": "dbo.etf_Returns,dbo.etf_Form_W2,dbo.etf_Static_Country,dbo.etf_Static_State",
              "tasks.max": "1"
            },
            "config_sensitive": {
              "database.password": "$p@nDev@!29732"
            },
            "environment": [
              {
                "id": "env-22zgq2"
              }
            ],
            "id": "lcc-xmmzpz",
            "kafka_cluster": [
              {
                "id": "lkc-nww38k"
              }
            ],
            "status": "RUNNING",
            "timeouts": null
          },
          "sensitive_attributes": [
            [
              {
                "type": "get_attr",
                "value": "config_nonsensitive"
              },
              {
                "type": "index",
                "value": {
                  "value": "database.hostname",
                  "type": "string"
                }
              }
            ],
            [
              {
                "type": "get_attr",
                "value": "config_nonsensitive"
              },
              {
                "type": "index",
                "value": {
                  "value": "database.user",
                  "type": "string"
                }
              }
            ],
            [
              {
                "type": "get_attr",
                "value": "config_nonsensitive"
              },
              {
                "type": "index",
                "value": {
                  "value": "table.include.list",
                  "type": "string"
                }
              }
            ],
            [
              {
                "type": "get_attr",
                "value": "config_sensitive"
              },
              {
                "type": "index",
                "value": {
                  "value": "database.password",
                  "type": "string"
                }
              }
            ]
          ],
          "private": "eyJlMmJmYjczMC1lY2FhLTExZTYtOGY4OC0zNDM2M2JjN2M0YzAiOnsiY3JlYXRlIjo4NjQwMDAwMDAwMDAwMH19",
          "dependencies": [
            "confluent_api_key.app-manager-kafka-api-key",
            "confluent_environment.staging",
            "confluent_kafka_acl.app-connector-create-on-all-lcc-topics",
            "confluent_kafka_acl.app-connector-create-on-dbhistory-topic",
            "confluent_kafka_acl.app-connector-describe-on-cluster",
            "confluent_kafka_acl.app-connector-read-on-connect-lcc-group",
            "confluent_kafka_acl.app-connector-read-on-dbhistory-lcc-group",
            "confluent_kafka_acl.app-connector-read-on-target-topic",
            "confluent_kafka_acl.app-connector-write-on-dbhistory-topic",
            "confluent_kafka_cluster.basic",
            "confluent_schema_registry_cluster.essentials",
            "confluent_service_account.app-connector",
            "confluent_service_account.app-manager",
            "data.confluent_schema_registry_region.essentialsdata"
          ]
        }
      ]
    },
    {
      "mode": "managed",
      "type": "confluent_environment",
      "name": "staging",
      "provider": "provider[\"registry.terraform.io/confluentinc/confluent\"]",
      "instances": [
        {
          "schema_version": 0,
          "attributes": {
            "display_name": "Staging",
            "id": "env-22zgq2",
            "resource_name": "crn://confluent.cloud/organization=83432fb1-6b1e-4e48-aee0-b8fcffe017cd/environment=env-22zgq2"
          },
          "sensitive_attributes": [],
          "private": "bnVsbA=="
        }
      ]
    },
    {
      "mode": "managed",
      "type": "confluent_kafka_acl",
      "name": "app-connector-create-on-all-lcc-topics",
      "provider": "provider[\"registry.terraform.io/confluentinc/confluent\"]",
      "instances": [
        {
          "schema_version": 2,
          "attributes": {
            "credentials": [
              {
                "key": "P2CRYVDFIJGI4MM2",
                "secret": "14VZpIrF0oAIcGMZY9RobXIt6LtA6mDbzQRZWk3jQ+nQaDO2cdudXK+2Hdo7a29w"
              }
            ],
            "host": "*",
            "id": "lkc-nww38k/TOPIC#dev#PREFIXED#User:sa-kgdw26#*#CREATE#ALLOW",
            "kafka_cluster": [
              {
                "id": "lkc-nww38k"
              }
            ],
            "operation": "CREATE",
            "pattern_type": "PREFIXED",
            "permission": "ALLOW",
            "principal": "User:sa-kgdw26",
            "resource_name": "dev",
            "resource_type": "TOPIC",
            "rest_endpoint": "https://pkc-n00kk.us-east-1.aws.confluent.cloud:443"
          },
          "sensitive_attributes": [
            [
              {
                "type": "get_attr",
                "value": "credentials"
              },
              {
                "type": "index",
                "value": {
                  "value": 0,
                  "type": "number"
                }
              },
              {
                "type": "get_attr",
                "value": "secret"
              }
            ]
          ],
          "private": "eyJzY2hlbWFfdmVyc2lvbiI6IjIifQ==",
          "dependencies": [
            "confluent_api_key.app-manager-kafka-api-key",
            "confluent_environment.staging",
            "confluent_kafka_cluster.basic",
            "confluent_service_account.app-connector",
            "confluent_service_account.app-manager"
          ]
        }
      ]
    },
    {
      "mode": "managed",
      "type": "confluent_kafka_acl",
      "name": "app-connector-create-on-dbhistory-topic",
      "provider": "provider[\"registry.terraform.io/confluentinc/confluent\"]",
      "instances": [
        {
          "schema_version": 2,
          "attributes": {
            "credentials": [
              {
                "key": "P2CRYVDFIJGI4MM2",
                "secret": "14VZpIrF0oAIcGMZY9RobXIt6LtA6mDbzQRZWk3jQ+nQaDO2cdudXK+2Hdo7a29w"
              }
            ],
            "host": "*",
            "id": "lkc-nww38k/TOPIC#dbhistory.dev.lcc-#PREFIXED#User:sa-kgdw26#*#CREATE#ALLOW",
            "kafka_cluster": [
              {
                "id": "lkc-nww38k"
              }
            ],
            "operation": "CREATE",
            "pattern_type": "PREFIXED",
            "permission": "ALLOW",
            "principal": "User:sa-kgdw26",
            "resource_name": "dbhistory.dev.lcc-",
            "resource_type": "TOPIC",
            "rest_endpoint": "https://pkc-n00kk.us-east-1.aws.confluent.cloud:443"
          },
          "sensitive_attributes": [
            [
              {
                "type": "get_attr",
                "value": "credentials"
              },
              {
                "type": "index",
                "value": {
                  "value": 0,
                  "type": "number"
                }
              },
              {
                "type": "get_attr",
                "value": "secret"
              }
            ]
          ],
          "private": "eyJzY2hlbWFfdmVyc2lvbiI6IjIifQ==",
          "dependencies": [
            "confluent_api_key.app-manager-kafka-api-key",
            "confluent_environment.staging",
            "confluent_kafka_cluster.basic",
            "confluent_service_account.app-connector",
            "confluent_service_account.app-manager"
          ]
        }
      ]
    },
    {
      "mode": "managed",
      "type": "confluent_kafka_acl",
      "name": "app-connector-create-on-dlq-lcc-topics",
      "provider": "provider[\"registry.terraform.io/confluentinc/confluent\"]",
      "instances": [
        {
          "schema_version": 2,
          "attributes": {
            "credentials": [
              {
                "key": "P2CRYVDFIJGI4MM2",
                "secret": "14VZpIrF0oAIcGMZY9RobXIt6LtA6mDbzQRZWk3jQ+nQaDO2cdudXK+2Hdo7a29w"
              }
            ],
            "host": "*",
            "id": "lkc-nww38k/TOPIC#dlq-lcc#PREFIXED#User:sa-kgdw26#*#CREATE#ALLOW",
            "kafka_cluster": [
              {
                "id": "lkc-nww38k"
              }
            ],
            "operation": "CREATE",
            "pattern_type": "PREFIXED",
            "permission": "ALLOW",
            "principal": "User:sa-kgdw26",
            "resource_name": "dlq-lcc",
            "resource_type": "TOPIC",
            "rest_endpoint": "https://pkc-n00kk.us-east-1.aws.confluent.cloud:443"
          },
          "sensitive_attributes": [
            [
              {
                "type": "get_attr",
                "value": "credentials"
              },
              {
                "type": "index",
                "value": {
                  "value": 0,
                  "type": "number"
                }
              },
              {
                "type": "get_attr",
                "value": "secret"
              }
            ]
          ],
          "private": "eyJzY2hlbWFfdmVyc2lvbiI6IjIifQ==",
          "dependencies": [
            "confluent_api_key.app-manager-kafka-api-key",
            "confluent_environment.staging",
            "confluent_kafka_cluster.basic",
            "confluent_service_account.app-connector",
            "confluent_service_account.app-manager"
          ]
        }
      ]
    },
    {
      "mode": "managed",
      "type": "confluent_kafka_acl",
      "name": "app-connector-create-on-error-lcc-topics",
      "provider": "provider[\"registry.terraform.io/confluentinc/confluent\"]",
      "instances": [
        {
          "schema_version": 2,
          "attributes": {
            "credentials": [
              {
                "key": "P2CRYVDFIJGI4MM2",
                "secret": "14VZpIrF0oAIcGMZY9RobXIt6LtA6mDbzQRZWk3jQ+nQaDO2cdudXK+2Hdo7a29w"
              }
            ],
            "host": "*",
            "id": "lkc-nww38k/TOPIC#error-lcc#PREFIXED#User:sa-kgdw26#*#CREATE#ALLOW",
            "kafka_cluster": [
              {
                "id": "lkc-nww38k"
              }
            ],
            "operation": "CREATE",
            "pattern_type": "PREFIXED",
            "permission": "ALLOW",
            "principal": "User:sa-kgdw26",
            "resource_name": "error-lcc",
            "resource_type": "TOPIC",
            "rest_endpoint": "https://pkc-n00kk.us-east-1.aws.confluent.cloud:443"
          },
          "sensitive_attributes": [
            [
              {
                "type": "get_attr",
                "value": "credentials"
              },
              {
                "type": "index",
                "value": {
                  "value": 0,
                  "type": "number"
                }
              },
              {
                "type": "get_attr",
                "value": "secret"
              }
            ]
          ],
          "private": "eyJzY2hlbWFfdmVyc2lvbiI6IjIifQ==",
          "dependencies": [
            "confluent_api_key.app-manager-kafka-api-key",
            "confluent_environment.staging",
            "confluent_kafka_cluster.basic",
            "confluent_service_account.app-connector",
            "confluent_service_account.app-manager"
          ]
        }
      ]
    },
    {
      "mode": "managed",
      "type": "confluent_kafka_acl",
      "name": "app-connector-create-on-success-lcc-topics",
      "provider": "provider[\"registry.terraform.io/confluentinc/confluent\"]",
      "instances": [
        {
          "schema_version": 2,
          "attributes": {
            "credentials": [
              {
                "key": "P2CRYVDFIJGI4MM2",
                "secret": "14VZpIrF0oAIcGMZY9RobXIt6LtA6mDbzQRZWk3jQ+nQaDO2cdudXK+2Hdo7a29w"
              }
            ],
            "host": "*",
            "id": "lkc-nww38k/TOPIC#success-lcc#PREFIXED#User:sa-kgdw26#*#CREATE#ALLOW",
            "kafka_cluster": [
              {
                "id": "lkc-nww38k"
              }
            ],
            "operation": "CREATE",
            "pattern_type": "PREFIXED",
            "permission": "ALLOW",
            "principal": "User:sa-kgdw26",
            "resource_name": "success-lcc",
            "resource_type": "TOPIC",
            "rest_endpoint": "https://pkc-n00kk.us-east-1.aws.confluent.cloud:443"
          },
          "sensitive_attributes": [
            [
              {
                "type": "get_attr",
                "value": "credentials"
              },
              {
                "type": "index",
                "value": {
                  "value": 0,
                  "type": "number"
                }
              },
              {
                "type": "get_attr",
                "value": "secret"
              }
            ]
          ],
          "private": "eyJzY2hlbWFfdmVyc2lvbiI6IjIifQ==",
          "dependencies": [
            "confluent_api_key.app-manager-kafka-api-key",
            "confluent_environment.staging",
            "confluent_kafka_cluster.basic",
            "confluent_service_account.app-connector",
            "confluent_service_account.app-manager"
          ]
        }
      ]
    },
    {
      "mode": "managed",
      "type": "confluent_kafka_acl",
      "name": "app-connector-describe-config-on-cluster",
      "provider": "provider[\"registry.terraform.io/confluentinc/confluent\"]",
      "instances": [
        {
          "schema_version": 2,
          "attributes": {
            "credentials": [
              {
                "key": "P2CRYVDFIJGI4MM2",
                "secret": "14VZpIrF0oAIcGMZY9RobXIt6LtA6mDbzQRZWk3jQ+nQaDO2cdudXK+2Hdo7a29w"
              }
            ],
            "host": "*",
            "id": "lkc-nww38k/CLUSTER#kafka-cluster#LITERAL#User:sa-kgdw26#*#DESCRIBE_CONFIGS#ALLOW",
            "kafka_cluster": [
              {
                "id": "lkc-nww38k"
              }
            ],
            "operation": "DESCRIBE_CONFIGS",
            "pattern_type": "LITERAL",
            "permission": "ALLOW",
            "principal": "User:sa-kgdw26",
            "resource_name": "kafka-cluster",
            "resource_type": "CLUSTER",
            "rest_endpoint": "https://pkc-n00kk.us-east-1.aws.confluent.cloud:443"
          },
          "sensitive_attributes": [
            [
              {
                "type": "get_attr",
                "value": "credentials"
              },
              {
                "type": "index",
                "value": {
                  "value": 0,
                  "type": "number"
                }
              },
              {
                "type": "get_attr",
                "value": "secret"
              }
            ]
          ],
          "private": "eyJzY2hlbWFfdmVyc2lvbiI6IjIifQ==",
          "dependencies": [
            "confluent_api_key.app-manager-kafka-api-key",
            "confluent_environment.staging",
            "confluent_kafka_cluster.basic",
            "confluent_service_account.app-connector",
            "confluent_service_account.app-manager"
          ]
        }
      ]
    },
    {
      "mode": "managed",
      "type": "confluent_kafka_acl",
      "name": "app-connector-describe-on-cluster",
      "provider": "provider[\"registry.terraform.io/confluentinc/confluent\"]",
      "instances": [
        {
          "schema_version": 2,
          "attributes": {
            "credentials": [
              {
                "key": "P2CRYVDFIJGI4MM2",
                "secret": "14VZpIrF0oAIcGMZY9RobXIt6LtA6mDbzQRZWk3jQ+nQaDO2cdudXK+2Hdo7a29w"
              }
            ],
            "host": "*",
            "id": "lkc-nww38k/CLUSTER#kafka-cluster#LITERAL#User:sa-kgdw26#*#DESCRIBE#ALLOW",
            "kafka_cluster": [
              {
                "id": "lkc-nww38k"
              }
            ],
            "operation": "DESCRIBE",
            "pattern_type": "LITERAL",
            "permission": "ALLOW",
            "principal": "User:sa-kgdw26",
            "resource_name": "kafka-cluster",
            "resource_type": "CLUSTER",
            "rest_endpoint": "https://pkc-n00kk.us-east-1.aws.confluent.cloud:443"
          },
          "sensitive_attributes": [
            [
              {
                "type": "get_attr",
                "value": "credentials"
              },
              {
                "type": "index",
                "value": {
                  "value": 0,
                  "type": "number"
                }
              },
              {
                "type": "get_attr",
                "value": "secret"
              }
            ]
          ],
          "private": "eyJzY2hlbWFfdmVyc2lvbiI6IjIifQ==",
          "dependencies": [
            "confluent_api_key.app-manager-kafka-api-key",
            "confluent_environment.staging",
            "confluent_kafka_cluster.basic",
            "confluent_service_account.app-connector",
            "confluent_service_account.app-manager"
          ]
        }
      ]
    },
    {
      "mode": "managed",
      "type": "confluent_kafka_acl",
      "name": "app-connector-describe-on-pksql-topic",
      "provider": "provider[\"registry.terraform.io/confluentinc/confluent\"]",
      "instances": [
        {
          "schema_version": 2,
          "attributes": {
            "credentials": [
              {
                "key": "P2CRYVDFIJGI4MM2",
                "secret": "14VZpIrF0oAIcGMZY9RobXIt6LtA6mDbzQRZWk3jQ+nQaDO2cdudXK+2Hdo7a29w"
              }
            ],
            "host": "*",
            "id": "lkc-nww38k/TOPIC#pksqlc-#PREFIXED#User:sa-kgdw26#*#DESCRIBE#ALLOW",
            "kafka_cluster": [
              {
                "id": "lkc-nww38k"
              }
            ],
            "operation": "DESCRIBE",
            "pattern_type": "PREFIXED",
            "permission": "ALLOW",
            "principal": "User:sa-kgdw26",
            "resource_name": "pksqlc-",
            "resource_type": "TOPIC",
            "rest_endpoint": "https://pkc-n00kk.us-east-1.aws.confluent.cloud:443"
          },
          "sensitive_attributes": [
            [
              {
                "type": "get_attr",
                "value": "credentials"
              },
              {
                "type": "index",
                "value": {
                  "value": 0,
                  "type": "number"
                }
              },
              {
                "type": "get_attr",
                "value": "secret"
              }
            ]
          ],
          "private": "eyJzY2hlbWFfdmVyc2lvbiI6IjIifQ==",
          "dependencies": [
            "confluent_api_key.app-manager-kafka-api-key",
            "confluent_environment.staging",
            "confluent_kafka_cluster.basic",
            "confluent_service_account.app-connector",
            "confluent_service_account.app-manager"
          ]
        }
      ]
    },
    {
      "mode": "managed",
      "type": "confluent_kafka_acl",
      "name": "app-connector-read-on-connect-lcc-group",
      "provider": "provider[\"registry.terraform.io/confluentinc/confluent\"]",
      "instances": [
        {
          "schema_version": 2,
          "attributes": {
            "credentials": [
              {
                "key": "P2CRYVDFIJGI4MM2",
                "secret": "14VZpIrF0oAIcGMZY9RobXIt6LtA6mDbzQRZWk3jQ+nQaDO2cdudXK+2Hdo7a29w"
              }
            ],
            "host": "*",
            "id": "lkc-nww38k/GROUP#connect-lcc#PREFIXED#User:sa-kgdw26#*#READ#ALLOW",
            "kafka_cluster": [
              {
                "id": "lkc-nww38k"
              }
            ],
            "operation": "READ",
            "pattern_type": "PREFIXED",
            "permission": "ALLOW",
            "principal": "User:sa-kgdw26",
            "resource_name": "connect-lcc",
            "resource_type": "GROUP",
            "rest_endpoint": "https://pkc-n00kk.us-east-1.aws.confluent.cloud:443"
          },
          "sensitive_attributes": [
            [
              {
                "type": "get_attr",
                "value": "credentials"
              },
              {
                "type": "index",
                "value": {
                  "value": 0,
                  "type": "number"
                }
              },
              {
                "type": "get_attr",
                "value": "secret"
              }
            ]
          ],
          "private": "eyJzY2hlbWFfdmVyc2lvbiI6IjIifQ==",
          "dependencies": [
            "confluent_api_key.app-manager-kafka-api-key",
            "confluent_environment.staging",
            "confluent_kafka_cluster.basic",
            "confluent_service_account.app-connector",
            "confluent_service_account.app-manager"
          ]
        }
      ]
    },
    {
      "mode": "managed",
      "type": "confluent_kafka_acl",
      "name": "app-connector-read-on-dbhistory-lcc-group",
      "provider": "provider[\"registry.terraform.io/confluentinc/confluent\"]",
      "instances": [
        {
          "schema_version": 2,
          "attributes": {
            "credentials": [
              {
                "key": "P2CRYVDFIJGI4MM2",
                "secret": "14VZpIrF0oAIcGMZY9RobXIt6LtA6mDbzQRZWk3jQ+nQaDO2cdudXK+2Hdo7a29w"
              }
            ],
            "host": "*",
            "id": "lkc-nww38k/GROUP#dev-dbhistory#PREFIXED#User:sa-kgdw26#*#READ#ALLOW",
            "kafka_cluster": [
              {
                "id": "lkc-nww38k"
              }
            ],
            "operation": "READ",
            "pattern_type": "PREFIXED",
            "permission": "ALLOW",
            "principal": "User:sa-kgdw26",
            "resource_name": "dev-dbhistory",
            "resource_type": "GROUP",
            "rest_endpoint": "https://pkc-n00kk.us-east-1.aws.confluent.cloud:443"
          },
          "sensitive_attributes": [
            [
              {
                "type": "get_attr",
                "value": "credentials"
              },
              {
                "type": "index",
                "value": {
                  "value": 0,
                  "type": "number"
                }
              },
              {
                "type": "get_attr",
                "value": "secret"
              }
            ]
          ],
          "private": "eyJzY2hlbWFfdmVyc2lvbiI6IjIifQ==",
          "dependencies": [
            "confluent_api_key.app-manager-kafka-api-key",
            "confluent_environment.staging",
            "confluent_kafka_cluster.basic",
            "confluent_service_account.app-connector",
            "confluent_service_account.app-manager"
          ]
        }
      ]
    },
    {
      "mode": "managed",
      "type": "confluent_kafka_acl",
      "name": "app-connector-read-on-pksql-topic",
      "provider": "provider[\"registry.terraform.io/confluentinc/confluent\"]",
      "instances": [
        {
          "schema_version": 2,
          "attributes": {
            "credentials": [
              {
                "key": "P2CRYVDFIJGI4MM2",
                "secret": "14VZpIrF0oAIcGMZY9RobXIt6LtA6mDbzQRZWk3jQ+nQaDO2cdudXK+2Hdo7a29w"
              }
            ],
            "host": "*",
            "id": "lkc-nww38k/TOPIC#pksqlc-#PREFIXED#User:sa-kgdw26#*#READ#ALLOW",
            "kafka_cluster": [
              {
                "id": "lkc-nww38k"
              }
            ],
            "operation": "READ",
            "pattern_type": "PREFIXED",
            "permission": "ALLOW",
            "principal": "User:sa-kgdw26",
            "resource_name": "pksqlc-",
            "resource_type": "TOPIC",
            "rest_endpoint": "https://pkc-n00kk.us-east-1.aws.confluent.cloud:443"
          },
          "sensitive_attributes": [
            [
              {
                "type": "get_attr",
                "value": "credentials"
              },
              {
                "type": "index",
                "value": {
                  "value": 0,
                  "type": "number"
                }
              },
              {
                "type": "get_attr",
                "value": "secret"
              }
            ]
          ],
          "private": "eyJzY2hlbWFfdmVyc2lvbiI6IjIifQ==",
          "dependencies": [
            "confluent_api_key.app-manager-kafka-api-key",
            "confluent_environment.staging",
            "confluent_kafka_cluster.basic",
            "confluent_service_account.app-connector",
            "confluent_service_account.app-manager"
          ]
        }
      ]
    },
    {
      "mode": "managed",
      "type": "confluent_kafka_acl",
      "name": "app-connector-read-on-target-topic",
      "provider": "provider[\"registry.terraform.io/confluentinc/confluent\"]",
      "instances": [
        {
          "schema_version": 2,
          "attributes": {
            "credentials": [
              {
                "key": "P2CRYVDFIJGI4MM2",
                "secret": "14VZpIrF0oAIcGMZY9RobXIt6LtA6mDbzQRZWk3jQ+nQaDO2cdudXK+2Hdo7a29w"
              }
            ],
            "host": "*",
            "id": "lkc-nww38k/TOPIC#*#PREFIXED#User:sa-kgdw26#*#READ#ALLOW",
            "kafka_cluster": [
              {
                "id": "lkc-nww38k"
              }
            ],
            "operation": "READ",
            "pattern_type": "PREFIXED",
            "permission": "ALLOW",
            "principal": "User:sa-kgdw26",
            "resource_name": "*",
            "resource_type": "TOPIC",
            "rest_endpoint": "https://pkc-n00kk.us-east-1.aws.confluent.cloud:443"
          },
          "sensitive_attributes": [
            [
              {
                "type": "get_attr",
                "value": "credentials"
              },
              {
                "type": "index",
                "value": {
                  "value": 0,
                  "type": "number"
                }
              },
              {
                "type": "get_attr",
                "value": "secret"
              }
            ]
          ],
          "private": "eyJzY2hlbWFfdmVyc2lvbiI6IjIifQ==",
          "dependencies": [
            "confluent_api_key.app-manager-kafka-api-key",
            "confluent_environment.staging",
            "confluent_kafka_cluster.basic",
            "confluent_service_account.app-connector",
            "confluent_service_account.app-manager"
          ]
        }
      ]
    },
    {
      "mode": "managed",
      "type": "confluent_kafka_acl",
      "name": "app-connector-write-on-dbhistory-topic",
      "provider": "provider[\"registry.terraform.io/confluentinc/confluent\"]",
      "instances": [
        {
          "schema_version": 2,
          "attributes": {
            "credentials": [
              {
                "key": "P2CRYVDFIJGI4MM2",
                "secret": "14VZpIrF0oAIcGMZY9RobXIt6LtA6mDbzQRZWk3jQ+nQaDO2cdudXK+2Hdo7a29w"
              }
            ],
            "host": "*",
            "id": "lkc-nww38k/TOPIC#dbhistory.dev.lcc-#PREFIXED#User:sa-kgdw26#*#WRITE#ALLOW",
            "kafka_cluster": [
              {
                "id": "lkc-nww38k"
              }
            ],
            "operation": "WRITE",
            "pattern_type": "PREFIXED",
            "permission": "ALLOW",
            "principal": "User:sa-kgdw26",
            "resource_name": "dbhistory.dev.lcc-",
            "resource_type": "TOPIC",
            "rest_endpoint": "https://pkc-n00kk.us-east-1.aws.confluent.cloud:443"
          },
          "sensitive_attributes": [
            [
              {
                "type": "get_attr",
                "value": "credentials"
              },
              {
                "type": "index",
                "value": {
                  "value": 0,
                  "type": "number"
                }
              },
              {
                "type": "get_attr",
                "value": "secret"
              }
            ]
          ],
          "private": "eyJzY2hlbWFfdmVyc2lvbiI6IjIifQ==",
          "dependencies": [
            "confluent_api_key.app-manager-kafka-api-key",
            "confluent_environment.staging",
            "confluent_kafka_cluster.basic",
            "confluent_service_account.app-connector",
            "confluent_service_account.app-manager"
          ]
        }
      ]
    },
    {
      "mode": "managed",
      "type": "confluent_kafka_acl",
      "name": "app-connector-write-on-dlq-lcc-topics",
      "provider": "provider[\"registry.terraform.io/confluentinc/confluent\"]",
      "instances": [
        {
          "schema_version": 2,
          "attributes": {
            "credentials": [
              {
                "key": "P2CRYVDFIJGI4MM2",
                "secret": "14VZpIrF0oAIcGMZY9RobXIt6LtA6mDbzQRZWk3jQ+nQaDO2cdudXK+2Hdo7a29w"
              }
            ],
            "host": "*",
            "id": "lkc-nww38k/TOPIC#dlq-lcc#PREFIXED#User:sa-kgdw26#*#WRITE#ALLOW",
            "kafka_cluster": [
              {
                "id": "lkc-nww38k"
              }
            ],
            "operation": "WRITE",
            "pattern_type": "PREFIXED",
            "permission": "ALLOW",
            "principal": "User:sa-kgdw26",
            "resource_name": "dlq-lcc",
            "resource_type": "TOPIC",
            "rest_endpoint": "https://pkc-n00kk.us-east-1.aws.confluent.cloud:443"
          },
          "sensitive_attributes": [
            [
              {
                "type": "get_attr",
                "value": "credentials"
              },
              {
                "type": "index",
                "value": {
                  "value": 0,
                  "type": "number"
                }
              },
              {
                "type": "get_attr",
                "value": "secret"
              }
            ]
          ],
          "private": "eyJzY2hlbWFfdmVyc2lvbiI6IjIifQ==",
          "dependencies": [
            "confluent_api_key.app-manager-kafka-api-key",
            "confluent_environment.staging",
            "confluent_kafka_cluster.basic",
            "confluent_service_account.app-connector",
            "confluent_service_account.app-manager"
          ]
        }
      ]
    },
    {
      "mode": "managed",
      "type": "confluent_kafka_acl",
      "name": "app-connector-write-on-error-lcc-topics",
      "provider": "provider[\"registry.terraform.io/confluentinc/confluent\"]",
      "instances": [
        {
          "schema_version": 2,
          "attributes": {
            "credentials": [
              {
                "key": "P2CRYVDFIJGI4MM2",
                "secret": "14VZpIrF0oAIcGMZY9RobXIt6LtA6mDbzQRZWk3jQ+nQaDO2cdudXK+2Hdo7a29w"
              }
            ],
            "host": "*",
            "id": "lkc-nww38k/TOPIC#error-lcc#PREFIXED#User:sa-kgdw26#*#WRITE#ALLOW",
            "kafka_cluster": [
              {
                "id": "lkc-nww38k"
              }
            ],
            "operation": "WRITE",
            "pattern_type": "PREFIXED",
            "permission": "ALLOW",
            "principal": "User:sa-kgdw26",
            "resource_name": "error-lcc",
            "resource_type": "TOPIC",
            "rest_endpoint": "https://pkc-n00kk.us-east-1.aws.confluent.cloud:443"
          },
          "sensitive_attributes": [
            [
              {
                "type": "get_attr",
                "value": "credentials"
              },
              {
                "type": "index",
                "value": {
                  "value": 0,
                  "type": "number"
                }
              },
              {
                "type": "get_attr",
                "value": "secret"
              }
            ]
          ],
          "private": "eyJzY2hlbWFfdmVyc2lvbiI6IjIifQ==",
          "dependencies": [
            "confluent_api_key.app-manager-kafka-api-key",
            "confluent_environment.staging",
            "confluent_kafka_cluster.basic",
            "confluent_service_account.app-connector",
            "confluent_service_account.app-manager"
          ]
        }
      ]
    },
    {
      "mode": "managed",
      "type": "confluent_kafka_acl",
      "name": "app-connector-write-on-success-lcc-topics",
      "provider": "provider[\"registry.terraform.io/confluentinc/confluent\"]",
      "instances": [
        {
          "schema_version": 2,
          "attributes": {
            "credentials": [
              {
                "key": "P2CRYVDFIJGI4MM2",
                "secret": "14VZpIrF0oAIcGMZY9RobXIt6LtA6mDbzQRZWk3jQ+nQaDO2cdudXK+2Hdo7a29w"
              }
            ],
            "host": "*",
            "id": "lkc-nww38k/TOPIC#success-lcc#PREFIXED#User:sa-kgdw26#*#WRITE#ALLOW",
            "kafka_cluster": [
              {
                "id": "lkc-nww38k"
              }
            ],
            "operation": "WRITE",
            "pattern_type": "PREFIXED",
            "permission": "ALLOW",
            "principal": "User:sa-kgdw26",
            "resource_name": "success-lcc",
            "resource_type": "TOPIC",
            "rest_endpoint": "https://pkc-n00kk.us-east-1.aws.confluent.cloud:443"
          },
          "sensitive_attributes": [
            [
              {
                "type": "get_attr",
                "value": "credentials"
              },
              {
                "type": "index",
                "value": {
                  "value": 0,
                  "type": "number"
                }
              },
              {
                "type": "get_attr",
                "value": "secret"
              }
            ]
          ],
          "private": "eyJzY2hlbWFfdmVyc2lvbiI6IjIifQ==",
          "dependencies": [
            "confluent_api_key.app-manager-kafka-api-key",
            "confluent_environment.staging",
            "confluent_kafka_cluster.basic",
            "confluent_service_account.app-connector",
            "confluent_service_account.app-manager"
          ]
        }
      ]
    },
    {
      "mode": "managed",
      "type": "confluent_kafka_acl",
      "name": "app-connector-write-on-topic",
      "provider": "provider[\"registry.terraform.io/confluentinc/confluent\"]",
      "instances": [
        {
          "schema_version": 2,
          "attributes": {
            "credentials": [
              {
                "key": "P2CRYVDFIJGI4MM2",
                "secret": "14VZpIrF0oAIcGMZY9RobXIt6LtA6mDbzQRZWk3jQ+nQaDO2cdudXK+2Hdo7a29w"
              }
            ],
            "host": "*",
            "id": "lkc-nww38k/TOPIC#dev#PREFIXED#User:sa-kgdw26#*#WRITE#ALLOW",
            "kafka_cluster": [
              {
                "id": "lkc-nww38k"
              }
            ],
            "operation": "WRITE",
            "pattern_type": "PREFIXED",
            "permission": "ALLOW",
            "principal": "User:sa-kgdw26",
            "resource_name": "dev",
            "resource_type": "TOPIC",
            "rest_endpoint": "https://pkc-n00kk.us-east-1.aws.confluent.cloud:443"
          },
          "sensitive_attributes": [
            [
              {
                "type": "get_attr",
                "value": "credentials"
              },
              {
                "type": "index",
                "value": {
                  "value": 0,
                  "type": "number"
                }
              },
              {
                "type": "get_attr",
                "value": "secret"
              }
            ]
          ],
          "private": "eyJzY2hlbWFfdmVyc2lvbiI6IjIifQ==",
          "dependencies": [
            "confluent_api_key.app-manager-kafka-api-key",
            "confluent_environment.staging",
            "confluent_kafka_cluster.basic",
            "confluent_service_account.app-connector",
            "confluent_service_account.app-manager"
          ]
        }
      ]
    },
    {
      "mode": "managed",
      "type": "confluent_kafka_acl",
      "name": "app-producer-write-on-topic",
      "provider": "provider[\"registry.terraform.io/confluentinc/confluent\"]",
      "instances": [
        {
          "schema_version": 2,
          "attributes": {
            "credentials": [
              {
                "key": "P2CRYVDFIJGI4MM2",
                "secret": "14VZpIrF0oAIcGMZY9RobXIt6LtA6mDbzQRZWk3jQ+nQaDO2cdudXK+2Hdo7a29w"
              }
            ],
            "host": "*",
            "id": "lkc-nww38k/TOPIC#*#PREFIXED#User:sa-5mpy3z#*#WRITE#ALLOW",
            "kafka_cluster": [
              {
                "id": "lkc-nww38k"
              }
            ],
            "operation": "WRITE",
            "pattern_type": "PREFIXED",
            "permission": "ALLOW",
            "principal": "User:sa-5mpy3z",
            "resource_name": "*",
            "resource_type": "TOPIC",
            "rest_endpoint": "https://pkc-n00kk.us-east-1.aws.confluent.cloud:443"
          },
          "sensitive_attributes": [
            [
              {
                "type": "get_attr",
                "value": "credentials"
              },
              {
                "type": "index",
                "value": {
                  "value": 0,
                  "type": "number"
                }
              },
              {
                "type": "get_attr",
                "value": "secret"
              }
            ]
          ],
          "private": "eyJzY2hlbWFfdmVyc2lvbiI6IjIifQ==",
          "dependencies": [
            "confluent_api_key.app-manager-kafka-api-key",
            "confluent_environment.staging",
            "confluent_kafka_cluster.basic",
            "confluent_service_account.app-manager",
            "confluent_service_account.app-producer"
          ]
        }
      ]
    },
    {
      "mode": "managed",
      "type": "confluent_kafka_cluster",
      "name": "basic",
      "provider": "provider[\"registry.terraform.io/confluentinc/confluent\"]",
      "instances": [
        {
          "schema_version": 1,
          "attributes": {
            "api_version": "cmk/v2",
            "availability": "SINGLE_ZONE",
            "basic": [
              {}
            ],
            "bootstrap_endpoint": "SASL_SSL://pkc-n00kk.us-east-1.aws.confluent.cloud:9092",
            "cloud": "AWS",
            "dedicated": [],
            "display_name": "stage_basic_kafka_cluster",
            "environment": [
              {
                "id": "env-22zgq2"
              }
            ],
            "id": "lkc-nww38k",
            "kind": "Cluster",
            "network": [
              {
                "id": ""
              }
            ],
            "rbac_crn": "crn://confluent.cloud/organization=83432fb1-6b1e-4e48-aee0-b8fcffe017cd/environment=env-22zgq2/cloud-cluster=lkc-nww38k",
            "region": "us-east-1",
            "rest_endpoint": "https://pkc-n00kk.us-east-1.aws.confluent.cloud:443",
            "standard": [],
            "timeouts": null
          },
          "sensitive_attributes": [],
          "private": "eyJlMmJmYjczMC1lY2FhLTExZTYtOGY4OC0zNDM2M2JjN2M0YzAiOnsiY3JlYXRlIjoyNTkyMDAwMDAwMDAwMDAsInVwZGF0ZSI6MjU5MjAwMDAwMDAwMDAwfSwic2NoZW1hX3ZlcnNpb24iOiIxIn0=",
          "dependencies": [
            "confluent_environment.staging"
          ]
        }
      ]
    },
    {
      "mode": "managed",
      "type": "confluent_kafka_topic",
      "name": "pksqlc-qw217PQ_FORM_NEC",
      "provider": "provider[\"registry.terraform.io/confluentinc/confluent\"]",
      "instances": [
        {
          "schema_version": 2,
          "attributes": {
            "config": {},
            "credentials": [
              {
                "key": "P2CRYVDFIJGI4MM2",
                "secret": "14VZpIrF0oAIcGMZY9RobXIt6LtA6mDbzQRZWk3jQ+nQaDO2cdudXK+2Hdo7a29w"
              }
            ],
            "id": "lkc-nww38k/pksqlc-qw217PQ_FORM_NEC",
            "kafka_cluster": [
              {
                "id": "lkc-nww38k"
              }
            ],
            "partitions_count": 1,
            "rest_endpoint": "https://pkc-n00kk.us-east-1.aws.confluent.cloud:443",
            "topic_name": "pksqlc-qw217PQ_FORM_NEC"
          },
          "sensitive_attributes": [
            [
              {
                "type": "get_attr",
                "value": "credentials"
              },
              {
                "type": "index",
                "value": {
                  "value": 0,
                  "type": "number"
                }
              },
              {
                "type": "get_attr",
                "value": "secret"
              }
            ]
          ],
          "private": "eyJzY2hlbWFfdmVyc2lvbiI6IjIifQ==",
          "dependencies": [
            "confluent_api_key.app-manager-kafka-api-key",
            "confluent_kafka_cluster.basic"
          ]
        }
      ]
    },
    {
      "mode": "managed",
      "type": "confluent_kafka_topic",
      "name": "pksqlc-qw217PQ_FORM_W2",
      "provider": "provider[\"registry.terraform.io/confluentinc/confluent\"]",
      "instances": [
        {
          "schema_version": 2,
          "attributes": {
            "config": {},
            "credentials": [
              {
                "key": "P2CRYVDFIJGI4MM2",
                "secret": "14VZpIrF0oAIcGMZY9RobXIt6LtA6mDbzQRZWk3jQ+nQaDO2cdudXK+2Hdo7a29w"
              }
            ],
            "id": "lkc-nww38k/pksqlc-qw217PQ_FORM_W2",
            "kafka_cluster": [
              {
                "id": "lkc-nww38k"
              }
            ],
            "partitions_count": 1,
            "rest_endpoint": "https://pkc-n00kk.us-east-1.aws.confluent.cloud:443",
            "topic_name": "pksqlc-qw217PQ_FORM_W2"
          },
          "sensitive_attributes": [
            [
              {
                "type": "get_attr",
                "value": "credentials"
              },
              {
                "type": "index",
                "value": {
                  "value": 0,
                  "type": "number"
                }
              },
              {
                "type": "get_attr",
                "value": "secret"
              }
            ]
          ],
          "private": "eyJzY2hlbWFfdmVyc2lvbiI6IjIifQ==",
          "dependencies": [
            "confluent_api_key.app-manager-kafka-api-key",
            "confluent_kafka_cluster.basic"
          ]
        }
      ]
    },
    {
      "mode": "managed",
      "type": "confluent_ksql_cluster",
      "name": "stage-ksql-cluster-db",
      "provider": "provider[\"registry.terraform.io/confluentinc/confluent\"]",
      "instances": [
        {
          "schema_version": 0,
          "attributes": {
            "api_version": "ksqldbcm/v2",
            "credential_identity": [
              {
                "id": "sa-wzqk0j"
              }
            ],
            "csu": 1,
            "display_name": "stage-ksql-cluster-db",
            "environment": [
              {
                "id": "env-22zgq2"
              }
            ],
            "id": "lksqlc-oqqnmy",
            "kafka_cluster": [
              {
                "id": "lkc-nww38k"
              }
            ],
            "kind": "Cluster",
            "rest_endpoint": "https://pksqlc-7mn7w.us-east-1.aws.confluent.cloud:443",
            "storage": 125,
            "timeouts": null,
            "topic_prefix": "pksqlc-7mn7w",
            "use_detailed_processing_log": true
          },
          "sensitive_attributes": [],
          "private": "eyJlMmJmYjczMC1lY2FhLTExZTYtOGY4OC0zNDM2M2JjN2M0YzAiOnsiY3JlYXRlIjo0MzIwMDAwMDAwMDAwMH19",
          "dependencies": [
            "confluent_environment.staging",
            "confluent_kafka_cluster.basic",
            "confluent_role_binding.app-manager-kafka-cluster-admin",
            "confluent_schema_registry_cluster.essentials",
            "confluent_service_account.app-manager",
            "data.confluent_schema_registry_region.essentialsdata"
          ]
        }
      ]
    },
    {
      "mode": "managed",
      "type": "confluent_role_binding",
      "name": "app-manager-kafka-cluster-admin",
      "provider": "provider[\"registry.terraform.io/confluentinc/confluent\"]",
      "instances": [
        {
          "schema_version": 0,
          "attributes": {
            "crn_pattern": "crn://confluent.cloud/organization=83432fb1-6b1e-4e48-aee0-b8fcffe017cd/environment=env-22zgq2/cloud-cluster=lkc-nww38k",
            "id": "rb-em1zo",
            "principal": "User:sa-wzqk0j",
            "role_name": "CloudClusterAdmin"
          },
          "sensitive_attributes": [],
          "private": "bnVsbA==",
          "dependencies": [
            "confluent_environment.staging",
            "confluent_kafka_cluster.basic",
            "confluent_service_account.app-manager"
          ]
        }
      ]
    },
    {
      "mode": "managed",
      "type": "confluent_schema_registry_cluster",
      "name": "essentials",
      "provider": "provider[\"registry.terraform.io/confluentinc/confluent\"]",
      "instances": [
        {
          "schema_version": 0,
          "attributes": {
            "api_version": "srcm/v2",
            "display_name": "Stream Governance Package",
            "environment": [
              {
                "id": "env-22zgq2"
              }
            ],
            "id": "lsrc-3rrgzw",
            "kind": "Cluster",
            "package": "ESSENTIALS",
            "region": [
              {
                "id": "sgreg-1"
              }
            ],
            "resource_name": "crn://confluent.cloud/organization=83432fb1-6b1e-4e48-aee0-b8fcffe017cd/environment=env-22zgq2/schema-registry=lsrc-3rrgzw",
            "rest_endpoint": "https://psrc-6zww3.us-east-2.aws.confluent.cloud"
          },
          "sensitive_attributes": [],
          "private": "bnVsbA==",
          "dependencies": [
            "confluent_environment.staging",
            "data.confluent_schema_registry_region.essentialsdata"
          ]
        }
      ]
    },
    {
      "mode": "managed",
      "type": "confluent_service_account",
      "name": "app-connector",
      "provider": "provider[\"registry.terraform.io/confluentinc/confluent\"]",
      "instances": [
        {
          "schema_version": 0,
          "attributes": {
            "api_version": "iam/v2",
            "description": "Service account for connector in basic cluster",
            "display_name": "app-connector",
            "id": "sa-kgdw26",
            "kind": "ServiceAccount"
          },
          "sensitive_attributes": [],
          "private": "bnVsbA=="
        }
      ]
    },
    {
      "mode": "managed",
      "type": "confluent_service_account",
      "name": "app-manager",
      "provider": "provider[\"registry.terraform.io/confluentinc/confluent\"]",
      "instances": [
        {
          "schema_version": 0,
          "attributes": {
            "api_version": "iam/v2",
            "description": "Service account to manage 'stage_basic_kafka_cluster' Kafka cluster",
            "display_name": "app-manager",
            "id": "sa-wzqk0j",
            "kind": "ServiceAccount"
          },
          "sensitive_attributes": [],
          "private": "bnVsbA=="
        }
      ]
    },
    {
      "mode": "managed",
      "type": "confluent_service_account",
      "name": "app-producer",
      "provider": "provider[\"registry.terraform.io/confluentinc/confluent\"]",
      "instances": [
        {
          "schema_version": 0,
          "attributes": {
            "api_version": "iam/v2",
            "description": "Service account to produce to 'orders' topic of 'inventory' Kafka cluster",
            "display_name": "app-producer",
            "id": "sa-5mpy3z",
            "kind": "ServiceAccount"
          },
          "sensitive_attributes": [],
          "private": "bnVsbA=="
        }
      ]
    }
  ],
  "check_results": null
}
