{
  "version": 4,
  "terraform_version": "1.3.6",
  "serial": 36,
  "lineage": "14fb6e8b-6a8f-deb3-a789-bfbbc65d1289",
  "outputs": {},
  "resources": [
    {
      "mode": "data",
      "type": "confluent_schema_registry_region",
      "name": "essentialsdata",
      "provider": "provider[\"registry.terraform.io/confluentinc/confluent\"]",
      "instances": [
        {
          "schema_version": 0,
          "attributes": {
            "cloud": "AWS",
            "id": "sgreg-1",
            "package": "ESSENTIALS",
            "region": "us-east-2"
          },
          "sensitive_attributes": []
        }
      ]
    },
    {
      "mode": "managed",
      "type": "confluent_api_key",
      "name": "app-connector-prod-kafka-api-key",
      "provider": "provider[\"registry.terraform.io/confluentinc/confluent\"]",
      "instances": [
        {
          "schema_version": 0,
          "attributes": {
            "description": "Kafka API Key that is owned by 'app-connector-prod' service account",
            "disable_wait_for_ready": false,
            "display_name": "app-connector-prod-kafka-api-key",
            "id": "EPEU636F3OKBI3PY",
            "managed_resource": [
              {
                "api_version": "cmk/v2",
                "environment": [
                  {
                    "id": "env-nvjdm3"
                  }
                ],
                "id": "lkc-qrrx0p",
                "kind": "Cluster"
              }
            ],
            "owner": [
              {
                "api_version": "iam/v2",
                "id": "sa-nyd73k",
                "kind": "ServiceAccount"
              }
            ],
            "secret": "2ULWhxw+/qEcruv3zyF7v41e0WPbflaKeJkGkmgxqa+ZOp9+vrTLntzUBF8O8BPs"
          },
          "sensitive_attributes": [],
          "private": "bnVsbA==",
          "dependencies": [
            "confluent_environment.production",
            "confluent_kafka_cluster.standard",
            "confluent_service_account.app-connector-prod"
          ]
        }
      ]
    },
    {
      "mode": "managed",
      "type": "confluent_api_key",
      "name": "app-manager-prod-kafka-api-key",
      "provider": "provider[\"registry.terraform.io/confluentinc/confluent\"]",
      "instances": [
        {
          "schema_version": 0,
          "attributes": {
            "description": "Kafka API Key that is owned by 'app-manager-prod' service account",
            "disable_wait_for_ready": false,
            "display_name": "app-manager-prod-kafka-api-key",
            "id": "D5LKSYHNLXOYCVTH",
            "managed_resource": [
              {
                "api_version": "cmk/v2",
                "environment": [
                  {
                    "id": "env-nvjdm3"
                  }
                ],
                "id": "lkc-qrrx0p",
                "kind": "Cluster"
              }
            ],
            "owner": [
              {
                "api_version": "iam/v2",
                "id": "sa-3nqogw",
                "kind": "ServiceAccount"
              }
            ],
            "secret": "IGXoQxLg7PRM07tZZxhcr/+cdyDw2SwlnTZ3exKz0wz6ywH3TdHa4xH57DN+hoi/"
          },
          "sensitive_attributes": [],
          "private": "bnVsbA==",
          "dependencies": [
            "confluent_environment.production",
            "confluent_kafka_cluster.standard",
            "confluent_service_account.app-manager-prod"
          ]
        }
      ]
    },
    {
      "mode": "managed",
      "type": "confluent_api_key",
      "name": "app-producer-prod-kafka-api-key",
      "provider": "provider[\"registry.terraform.io/confluentinc/confluent\"]",
      "instances": [
        {
          "schema_version": 0,
          "attributes": {
            "description": "Kafka API Key that is owned by 'app-producer-prod' service account",
            "disable_wait_for_ready": false,
            "display_name": "app-producer-prod-kafka-api-key",
            "id": "HFRUJA23PZHOLTJL",
            "managed_resource": [
              {
                "api_version": "cmk/v2",
                "environment": [
                  {
                    "id": "env-nvjdm3"
                  }
                ],
                "id": "lkc-qrrx0p",
                "kind": "Cluster"
              }
            ],
            "owner": [
              {
                "api_version": "iam/v2",
                "id": "sa-z3v8r3",
                "kind": "ServiceAccount"
              }
            ],
            "secret": "p56gt0XGGSr5Ogdc4MeYDHdmvHb5wnWO5tZZ4RAjFm4JVfFDqdEvdrAP+uPtwyjp"
          },
          "sensitive_attributes": [],
          "private": "bnVsbA==",
          "dependencies": [
            "confluent_environment.production",
            "confluent_kafka_cluster.standard",
            "confluent_service_account.app-producer-prod"
          ]
        }
      ]
    },
    {
      "mode": "managed",
      "type": "confluent_connector",
      "name": "lambdasink",
      "provider": "provider[\"registry.terraform.io/confluentinc/confluent\"]",
      "instances": [
        {
          "schema_version": 0,
          "attributes": {
            "config_nonsensitive": {
              "aws.lambda.configuration.mode": "multiple",
              "aws.lambda.region": "us-east-1",
              "aws.lambda.topic2function.map": "pksqlc-qw217PQ_FORM_W2;formw2byjson-production-pdf,pksqlc-qw217PQ_FORM_NEC;form1099byjson-production-pdf",
              "connector.class": "LambdaSink",
              "input.data.format": "AVRO",
              "kafka.auth.mode": "SERVICE_ACCOUNT",
              "kafka.service.account.id": "sa-nyd73k",
              "name": "PROD_LAMBDACONNECTOR",
              "tasks.max": "1",
              "topics": "pksqlc-qw217PQ_FORM_NEC,pksqlc-qw217PQ_FORM_W2"
            },
            "config_sensitive": {
              "aws.access.key.id": "AKIATIZEBQYKL45YA7VW",
              "aws.secret.access.key": "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"
            },
            "environment": [
              {
                "id": "env-nvjdm3"
              }
            ],
            "id": "lcc-vrr0jz",
            "kafka_cluster": [
              {
                "id": "lkc-qrrx0p"
              }
            ],
            "status": "RUNNING",
            "timeouts": null
          },
          "sensitive_attributes": [
            [
              {
                "type": "get_attr",
                "value": "config_nonsensitive"
              },
              {
                "type": "index",
                "value": {
                  "value": "aws.lambda.topic2function.map",
                  "type": "string"
                }
              }
            ],
            [
              {
                "type": "get_attr",
                "value": "config_nonsensitive"
              },
              {
                "type": "index",
                "value": {
                  "value": "topics",
                  "type": "string"
                }
              }
            ],
            [
              {
                "type": "get_attr",
                "value": "config_sensitive"
              },
              {
                "type": "index",
                "value": {
                  "value": "aws.secret.access.key",
                  "type": "string"
                }
              }
            ]
          ],
          "private": "eyJlMmJmYjczMC1lY2FhLTExZTYtOGY4OC0zNDM2M2JjN2M0YzAiOnsiY3JlYXRlIjo4NjQwMDAwMDAwMDAwMH19",
          "dependencies": [
            "confluent_api_key.app-manager-prod-kafka-api-key",
            "confluent_connector.sql-cdc-source",
            "confluent_environment.production",
            "confluent_kafka_acl.app-connector-prod-create-on-all-lcc-topics",
            "confluent_kafka_acl.app-connector-prod-create-on-dbhistory-topic",
            "confluent_kafka_acl.app-connector-prod-create-on-dlq-lcc-topics",
            "confluent_kafka_acl.app-connector-prod-create-on-error-lcc-topics",
            "confluent_kafka_acl.app-connector-prod-create-on-success-lcc-topics",
            "confluent_kafka_acl.app-connector-prod-describe-on-cluster",
            "confluent_kafka_acl.app-connector-prod-read-on-connect-lcc-group",
            "confluent_kafka_acl.app-connector-prod-read-on-dbhistory-lcc-group",
            "confluent_kafka_acl.app-connector-prod-read-on-target-topic",
            "confluent_kafka_acl.app-connector-prod-write-on-dbhistory-topic",
            "confluent_kafka_acl.app-connector-prod-write-on-dlq-lcc-topics",
            "confluent_kafka_acl.app-connector-prod-write-on-error-lcc-topics",
            "confluent_kafka_acl.app-connector-prod-write-on-success-lcc-topics",
            "confluent_kafka_acl.app-connector-prod-write-on-topic",
            "confluent_kafka_cluster.standard",
            "confluent_schema_registry_cluster.essentials",
            "confluent_service_account.app-connector-prod",
            "confluent_service_account.app-manager-prod",
            "data.confluent_schema_registry_region.essentialsdata"
          ]
        }
      ]
    },
    {
      "mode": "managed",
      "type": "confluent_connector",
      "name": "mongodbatlasSink",
      "provider": "provider[\"registry.terraform.io/confluentinc/confluent\"]",
      "instances": [
        {
          "schema_version": 0,
          "attributes": {
            "config_nonsensitive": {
              "collection": "Link_Return_Detail",
              "connection.host": "cluster0.homja.mongodb.net",
              "connection.user": "root",
              "connector.class": "MongoDbAtlasSink",
              "database": "LinkDB_Dev",
              "input.data.format": "AVRO",
              "kafka.auth.mode": "SERVICE_ACCOUNT",
              "kafka.service.account.id": "sa-nyd73k",
              "name": "PROD_MONGODBATLAS_CONNECTOR",
              "tasks.max": "1",
              "topics": "pksqlc-qw217PQ_FORM_NEC,pksqlc-qw217PQ_FORM_W2"
            },
            "config_sensitive": {
              "connection.host": "cluster0.homja.mongodb.net",
              "connection.password": "Vhtbcvdescfd"
            },
            "environment": [
              {
                "id": "env-nvjdm3"
              }
            ],
            "id": "lcc-xmm32z",
            "kafka_cluster": [
              {
                "id": "lkc-qrrx0p"
              }
            ],
            "status": "RUNNING",
            "timeouts": null
          },
          "sensitive_attributes": [
            [
              {
                "type": "get_attr",
                "value": "config_nonsensitive"
              },
              {
                "type": "index",
                "value": {
                  "value": "topics",
                  "type": "string"
                }
              }
            ],
            [
              {
                "type": "get_attr",
                "value": "config_sensitive"
              },
              {
                "type": "index",
                "value": {
                  "value": "connection.host",
                  "type": "string"
                }
              }
            ],
            [
              {
                "type": "get_attr",
                "value": "config_sensitive"
              },
              {
                "type": "index",
                "value": {
                  "value": "connection.password",
                  "type": "string"
                }
              }
            ]
          ],
          "private": "eyJlMmJmYjczMC1lY2FhLTExZTYtOGY4OC0zNDM2M2JjN2M0YzAiOnsiY3JlYXRlIjo4NjQwMDAwMDAwMDAwMH19",
          "dependencies": [
            "confluent_api_key.app-manager-prod-kafka-api-key",
            "confluent_connector.sql-cdc-source",
            "confluent_environment.production",
            "confluent_kafka_acl.app-connector-prod-create-on-all-lcc-topics",
            "confluent_kafka_acl.app-connector-prod-create-on-dbhistory-topic",
            "confluent_kafka_acl.app-connector-prod-create-on-dlq-lcc-topics",
            "confluent_kafka_acl.app-connector-prod-create-on-error-lcc-topics",
            "confluent_kafka_acl.app-connector-prod-create-on-success-lcc-topics",
            "confluent_kafka_acl.app-connector-prod-describe-on-cluster",
            "confluent_kafka_acl.app-connector-prod-read-on-connect-lcc-group",
            "confluent_kafka_acl.app-connector-prod-read-on-dbhistory-lcc-group",
            "confluent_kafka_acl.app-connector-prod-read-on-target-topic",
            "confluent_kafka_acl.app-connector-prod-write-on-dbhistory-topic",
            "confluent_kafka_acl.app-connector-prod-write-on-dlq-lcc-topics",
            "confluent_kafka_acl.app-connector-prod-write-on-error-lcc-topics",
            "confluent_kafka_acl.app-connector-prod-write-on-success-lcc-topics",
            "confluent_kafka_acl.app-connector-prod-write-on-topic",
            "confluent_kafka_cluster.standard",
            "confluent_schema_registry_cluster.essentials",
            "confluent_service_account.app-connector-prod",
            "confluent_service_account.app-manager-prod",
            "data.confluent_schema_registry_region.essentialsdata"
          ]
        }
      ]
    },
    {
      "mode": "managed",
      "type": "confluent_connector",
      "name": "redisSink",
      "provider": "provider[\"registry.terraform.io/confluentinc/confluent\"]",
      "instances": [
        {
          "schema_version": 0,
          "attributes": {
            "config_nonsensitive": {
              "connector.class": "RedisSink",
              "input.data.format": "STRING",
              "input.key.format": "STRING",
              "kafka.auth.mode": "SERVICE_ACCOUNT",
              "kafka.service.account.id": "sa-nyd73k",
              "name": "PROD_RedisSink_CONNECTOR",
              "principal": "User:sa-nyd73k",
              "redis.hostname": "redis-13292.c114.us-east-1-4.ec2.cloud.redislabs.com",
              "redis.portnumber": "13292",
              "tasks.max": "1",
              "topics": "pksqlc-qw217PQ_FORM_W2"
            },
            "config_sensitive": {
              "redis.hostname": "redis-13292.c114.us-east-1-4.ec2.cloud.redislabs.com",
              "redis.password": "IJtRx5cZDnOdL0RS0JPCdd7ftDVG0pkn",
              "redis.portnumber": "13292"
            },
            "environment": [
              {
                "id": "env-nvjdm3"
              }
            ],
            "id": "lcc-prrvqo",
            "kafka_cluster": [
              {
                "id": "lkc-qrrx0p"
              }
            ],
            "status": "RUNNING",
            "timeouts": null
          },
          "sensitive_attributes": [
            [
              {
                "type": "get_attr",
                "value": "config_nonsensitive"
              },
              {
                "type": "index",
                "value": {
                  "value": "topics",
                  "type": "string"
                }
              }
            ],
            [
              {
                "type": "get_attr",
                "value": "config_sensitive"
              },
              {
                "type": "index",
                "value": {
                  "value": "redis.hostname",
                  "type": "string"
                }
              }
            ],
            [
              {
                "type": "get_attr",
                "value": "config_sensitive"
              },
              {
                "type": "index",
                "value": {
                  "value": "redis.password",
                  "type": "string"
                }
              }
            ],
            [
              {
                "type": "get_attr",
                "value": "config_sensitive"
              },
              {
                "type": "index",
                "value": {
                  "value": "redis.portnumber",
                  "type": "string"
                }
              }
            ]
          ],
          "private": "eyJlMmJmYjczMC1lY2FhLTExZTYtOGY4OC0zNDM2M2JjN2M0YzAiOnsiY3JlYXRlIjo4NjQwMDAwMDAwMDAwMH19",
          "dependencies": [
            "confluent_api_key.app-manager-prod-kafka-api-key",
            "confluent_connector.sql-cdc-source",
            "confluent_environment.production",
            "confluent_kafka_acl.app-connector-prod-create-on-all-lcc-topics",
            "confluent_kafka_acl.app-connector-prod-create-on-dbhistory-topic",
            "confluent_kafka_acl.app-connector-prod-create-on-dlq-lcc-topics",
            "confluent_kafka_acl.app-connector-prod-create-on-error-lcc-topics",
            "confluent_kafka_acl.app-connector-prod-create-on-success-lcc-topics",
            "confluent_kafka_acl.app-connector-prod-describe-on-cluster",
            "confluent_kafka_acl.app-connector-prod-read-on-connect-lcc-group",
            "confluent_kafka_acl.app-connector-prod-read-on-dbhistory-lcc-group",
            "confluent_kafka_acl.app-connector-prod-read-on-target-topic",
            "confluent_kafka_acl.app-connector-prod-write-on-dbhistory-topic",
            "confluent_kafka_acl.app-connector-prod-write-on-dlq-lcc-topics",
            "confluent_kafka_acl.app-connector-prod-write-on-error-lcc-topics",
            "confluent_kafka_acl.app-connector-prod-write-on-success-lcc-topics",
            "confluent_kafka_acl.app-connector-prod-write-on-topic",
            "confluent_kafka_cluster.standard",
            "confluent_schema_registry_cluster.essentials",
            "confluent_service_account.app-connector-prod",
            "confluent_service_account.app-manager-prod",
            "data.confluent_schema_registry_region.essentialsdata"
          ]
        }
      ]
    },
    {
      "mode": "managed",
      "type": "confluent_connector",
      "name": "sql-cdc-source",
      "provider": "provider[\"registry.terraform.io/confluentinc/confluent\"]",
      "instances": [
        {
          "schema_version": 0,
          "attributes": {
            "config_nonsensitive": {
              "connector.class": "SqlServerCdcSource",
              "database.dbname": "ExpressTaxFilingsDB_Dev",
              "database.hostname": "129.80.52.22",
              "database.port": "1433",
              "database.server.name": "prod",
              "database.user": "sa",
              "decimal.handling.mode": "double",
              "json.output.decimal.format": "NUMERIC",
              "kafka.auth.mode": "SERVICE_ACCOUNT",
              "kafka.service.account.id": "sa-nyd73k",
              "name": "PROD_CDC_ETF",
              "output.data.format": "AVRO",
              "output.key.format": "AVRO",
              "snapshot.mode": "schema_only",
              "table.include.list": "dbo.etf_Returns,dbo.etf_Form_W2,dbo.etf_Static_Country,dbo.etf_Static_State",
              "tasks.max": "1"
            },
            "config_sensitive": {
              "database.password": "$p@nDev@!29732"
            },
            "environment": [
              {
                "id": "env-nvjdm3"
              }
            ],
            "id": "lcc-knn7vv",
            "kafka_cluster": [
              {
                "id": "lkc-qrrx0p"
              }
            ],
            "status": "RUNNING",
            "timeouts": null
          },
          "sensitive_attributes": [
            [
              {
                "type": "get_attr",
                "value": "config_nonsensitive"
              },
              {
                "type": "index",
                "value": {
                  "value": "database.hostname",
                  "type": "string"
                }
              }
            ],
            [
              {
                "type": "get_attr",
                "value": "config_nonsensitive"
              },
              {
                "type": "index",
                "value": {
                  "value": "database.user",
                  "type": "string"
                }
              }
            ],
            [
              {
                "type": "get_attr",
                "value": "config_nonsensitive"
              },
              {
                "type": "index",
                "value": {
                  "value": "table.include.list",
                  "type": "string"
                }
              }
            ],
            [
              {
                "type": "get_attr",
                "value": "config_sensitive"
              },
              {
                "type": "index",
                "value": {
                  "value": "database.password",
                  "type": "string"
                }
              }
            ]
          ],
          "private": "eyJlMmJmYjczMC1lY2FhLTExZTYtOGY4OC0zNDM2M2JjN2M0YzAiOnsiY3JlYXRlIjo4NjQwMDAwMDAwMDAwMH19",
          "dependencies": [
            "confluent_api_key.app-manager-prod-kafka-api-key",
            "confluent_environment.production",
            "confluent_kafka_acl.app-connector-prod-create-on-all-lcc-topics",
            "confluent_kafka_acl.app-connector-prod-create-on-dbhistory-topic",
            "confluent_kafka_acl.app-connector-prod-describe-on-cluster",
            "confluent_kafka_acl.app-connector-prod-read-on-connect-lcc-group",
            "confluent_kafka_acl.app-connector-prod-read-on-dbhistory-lcc-group",
            "confluent_kafka_acl.app-connector-prod-read-on-target-topic",
            "confluent_kafka_acl.app-connector-prod-write-on-dbhistory-topic",
            "confluent_kafka_cluster.standard",
            "confluent_schema_registry_cluster.essentials",
            "confluent_service_account.app-connector-prod",
            "confluent_service_account.app-manager-prod",
            "data.confluent_schema_registry_region.essentialsdata"
          ]
        }
      ]
    },
    {
      "mode": "managed",
      "type": "confluent_environment",
      "name": "production",
      "provider": "provider[\"registry.terraform.io/confluentinc/confluent\"]",
      "instances": [
        {
          "schema_version": 0,
          "attributes": {
            "display_name": "Production",
            "id": "env-nvjdm3",
            "resource_name": "crn://confluent.cloud/organization=83432fb1-6b1e-4e48-aee0-b8fcffe017cd/environment=env-nvjdm3"
          },
          "sensitive_attributes": [],
          "private": "bnVsbA=="
        }
      ]
    },
    {
      "mode": "managed",
      "type": "confluent_kafka_acl",
      "name": "app-connector-prod-create-on-all-lcc-topics",
      "provider": "provider[\"registry.terraform.io/confluentinc/confluent\"]",
      "instances": [
        {
          "schema_version": 2,
          "attributes": {
            "credentials": [
              {
                "key": "D5LKSYHNLXOYCVTH",
                "secret": "IGXoQxLg7PRM07tZZxhcr/+cdyDw2SwlnTZ3exKz0wz6ywH3TdHa4xH57DN+hoi/"
              }
            ],
            "host": "*",
            "id": "lkc-qrrx0p/TOPIC#prod#PREFIXED#User:sa-nyd73k#*#CREATE#ALLOW",
            "kafka_cluster": [
              {
                "id": "lkc-qrrx0p"
              }
            ],
            "operation": "CREATE",
            "pattern_type": "PREFIXED",
            "permission": "ALLOW",
            "principal": "User:sa-nyd73k",
            "resource_name": "prod",
            "resource_type": "TOPIC",
            "rest_endpoint": "https://pkc-n00kk.us-east-1.aws.confluent.cloud:443"
          },
          "sensitive_attributes": [
            [
              {
                "type": "get_attr",
                "value": "credentials"
              },
              {
                "type": "index",
                "value": {
                  "value": 0,
                  "type": "number"
                }
              },
              {
                "type": "get_attr",
                "value": "secret"
              }
            ]
          ],
          "private": "eyJzY2hlbWFfdmVyc2lvbiI6IjIifQ==",
          "dependencies": [
            "confluent_api_key.app-manager-prod-kafka-api-key",
            "confluent_environment.production",
            "confluent_kafka_cluster.standard",
            "confluent_service_account.app-connector-prod",
            "confluent_service_account.app-manager-prod"
          ]
        }
      ]
    },
    {
      "mode": "managed",
      "type": "confluent_kafka_acl",
      "name": "app-connector-prod-create-on-dbhistory-topic",
      "provider": "provider[\"registry.terraform.io/confluentinc/confluent\"]",
      "instances": [
        {
          "schema_version": 2,
          "attributes": {
            "credentials": [
              {
                "key": "D5LKSYHNLXOYCVTH",
                "secret": "IGXoQxLg7PRM07tZZxhcr/+cdyDw2SwlnTZ3exKz0wz6ywH3TdHa4xH57DN+hoi/"
              }
            ],
            "host": "*",
            "id": "lkc-qrrx0p/TOPIC#dbhistory.prod.lcc-#PREFIXED#User:sa-nyd73k#*#CREATE#ALLOW",
            "kafka_cluster": [
              {
                "id": "lkc-qrrx0p"
              }
            ],
            "operation": "CREATE",
            "pattern_type": "PREFIXED",
            "permission": "ALLOW",
            "principal": "User:sa-nyd73k",
            "resource_name": "dbhistory.prod.lcc-",
            "resource_type": "TOPIC",
            "rest_endpoint": "https://pkc-n00kk.us-east-1.aws.confluent.cloud:443"
          },
          "sensitive_attributes": [
            [
              {
                "type": "get_attr",
                "value": "credentials"
              },
              {
                "type": "index",
                "value": {
                  "value": 0,
                  "type": "number"
                }
              },
              {
                "type": "get_attr",
                "value": "secret"
              }
            ]
          ],
          "private": "eyJzY2hlbWFfdmVyc2lvbiI6IjIifQ==",
          "dependencies": [
            "confluent_api_key.app-manager-prod-kafka-api-key",
            "confluent_environment.production",
            "confluent_kafka_cluster.standard",
            "confluent_service_account.app-connector-prod",
            "confluent_service_account.app-manager-prod"
          ]
        }
      ]
    },
    {
      "mode": "managed",
      "type": "confluent_kafka_acl",
      "name": "app-connector-prod-create-on-dlq-lcc-topics",
      "provider": "provider[\"registry.terraform.io/confluentinc/confluent\"]",
      "instances": [
        {
          "schema_version": 2,
          "attributes": {
            "credentials": [
              {
                "key": "D5LKSYHNLXOYCVTH",
                "secret": "IGXoQxLg7PRM07tZZxhcr/+cdyDw2SwlnTZ3exKz0wz6ywH3TdHa4xH57DN+hoi/"
              }
            ],
            "host": "*",
            "id": "lkc-qrrx0p/TOPIC#dlq-lcc#PREFIXED#User:sa-nyd73k#*#CREATE#ALLOW",
            "kafka_cluster": [
              {
                "id": "lkc-qrrx0p"
              }
            ],
            "operation": "CREATE",
            "pattern_type": "PREFIXED",
            "permission": "ALLOW",
            "principal": "User:sa-nyd73k",
            "resource_name": "dlq-lcc",
            "resource_type": "TOPIC",
            "rest_endpoint": "https://pkc-n00kk.us-east-1.aws.confluent.cloud:443"
          },
          "sensitive_attributes": [
            [
              {
                "type": "get_attr",
                "value": "credentials"
              },
              {
                "type": "index",
                "value": {
                  "value": 0,
                  "type": "number"
                }
              },
              {
                "type": "get_attr",
                "value": "secret"
              }
            ]
          ],
          "private": "eyJzY2hlbWFfdmVyc2lvbiI6IjIifQ==",
          "dependencies": [
            "confluent_api_key.app-manager-prod-kafka-api-key",
            "confluent_environment.production",
            "confluent_kafka_cluster.standard",
            "confluent_service_account.app-connector-prod",
            "confluent_service_account.app-manager-prod"
          ]
        }
      ]
    },
    {
      "mode": "managed",
      "type": "confluent_kafka_acl",
      "name": "app-connector-prod-create-on-error-lcc-topics",
      "provider": "provider[\"registry.terraform.io/confluentinc/confluent\"]",
      "instances": [
        {
          "schema_version": 2,
          "attributes": {
            "credentials": [
              {
                "key": "D5LKSYHNLXOYCVTH",
                "secret": "IGXoQxLg7PRM07tZZxhcr/+cdyDw2SwlnTZ3exKz0wz6ywH3TdHa4xH57DN+hoi/"
              }
            ],
            "host": "*",
            "id": "lkc-qrrx0p/TOPIC#error-lcc#PREFIXED#User:sa-nyd73k#*#CREATE#ALLOW",
            "kafka_cluster": [
              {
                "id": "lkc-qrrx0p"
              }
            ],
            "operation": "CREATE",
            "pattern_type": "PREFIXED",
            "permission": "ALLOW",
            "principal": "User:sa-nyd73k",
            "resource_name": "error-lcc",
            "resource_type": "TOPIC",
            "rest_endpoint": "https://pkc-n00kk.us-east-1.aws.confluent.cloud:443"
          },
          "sensitive_attributes": [
            [
              {
                "type": "get_attr",
                "value": "credentials"
              },
              {
                "type": "index",
                "value": {
                  "value": 0,
                  "type": "number"
                }
              },
              {
                "type": "get_attr",
                "value": "secret"
              }
            ]
          ],
          "private": "eyJzY2hlbWFfdmVyc2lvbiI6IjIifQ==",
          "dependencies": [
            "confluent_api_key.app-manager-prod-kafka-api-key",
            "confluent_environment.production",
            "confluent_kafka_cluster.standard",
            "confluent_service_account.app-connector-prod",
            "confluent_service_account.app-manager-prod"
          ]
        }
      ]
    },
    {
      "mode": "managed",
      "type": "confluent_kafka_acl",
      "name": "app-connector-prod-create-on-success-lcc-topics",
      "provider": "provider[\"registry.terraform.io/confluentinc/confluent\"]",
      "instances": [
        {
          "schema_version": 2,
          "attributes": {
            "credentials": [
              {
                "key": "D5LKSYHNLXOYCVTH",
                "secret": "IGXoQxLg7PRM07tZZxhcr/+cdyDw2SwlnTZ3exKz0wz6ywH3TdHa4xH57DN+hoi/"
              }
            ],
            "host": "*",
            "id": "lkc-qrrx0p/TOPIC#success-lcc#PREFIXED#User:sa-nyd73k#*#CREATE#ALLOW",
            "kafka_cluster": [
              {
                "id": "lkc-qrrx0p"
              }
            ],
            "operation": "CREATE",
            "pattern_type": "PREFIXED",
            "permission": "ALLOW",
            "principal": "User:sa-nyd73k",
            "resource_name": "success-lcc",
            "resource_type": "TOPIC",
            "rest_endpoint": "https://pkc-n00kk.us-east-1.aws.confluent.cloud:443"
          },
          "sensitive_attributes": [
            [
              {
                "type": "get_attr",
                "value": "credentials"
              },
              {
                "type": "index",
                "value": {
                  "value": 0,
                  "type": "number"
                }
              },
              {
                "type": "get_attr",
                "value": "secret"
              }
            ]
          ],
          "private": "eyJzY2hlbWFfdmVyc2lvbiI6IjIifQ==",
          "dependencies": [
            "confluent_api_key.app-manager-prod-kafka-api-key",
            "confluent_environment.production",
            "confluent_kafka_cluster.standard",
            "confluent_service_account.app-connector-prod",
            "confluent_service_account.app-manager-prod"
          ]
        }
      ]
    },
    {
      "mode": "managed",
      "type": "confluent_kafka_acl",
      "name": "app-connector-prod-describe-config-on-cluster",
      "provider": "provider[\"registry.terraform.io/confluentinc/confluent\"]",
      "instances": [
        {
          "schema_version": 2,
          "attributes": {
            "credentials": [
              {
                "key": "D5LKSYHNLXOYCVTH",
                "secret": "IGXoQxLg7PRM07tZZxhcr/+cdyDw2SwlnTZ3exKz0wz6ywH3TdHa4xH57DN+hoi/"
              }
            ],
            "host": "*",
            "id": "lkc-qrrx0p/CLUSTER#kafka-cluster#LITERAL#User:sa-nyd73k#*#DESCRIBE_CONFIGS#ALLOW",
            "kafka_cluster": [
              {
                "id": "lkc-qrrx0p"
              }
            ],
            "operation": "DESCRIBE_CONFIGS",
            "pattern_type": "LITERAL",
            "permission": "ALLOW",
            "principal": "User:sa-nyd73k",
            "resource_name": "kafka-cluster",
            "resource_type": "CLUSTER",
            "rest_endpoint": "https://pkc-n00kk.us-east-1.aws.confluent.cloud:443"
          },
          "sensitive_attributes": [
            [
              {
                "type": "get_attr",
                "value": "credentials"
              },
              {
                "type": "index",
                "value": {
                  "value": 0,
                  "type": "number"
                }
              },
              {
                "type": "get_attr",
                "value": "secret"
              }
            ]
          ],
          "private": "eyJzY2hlbWFfdmVyc2lvbiI6IjIifQ==",
          "dependencies": [
            "confluent_api_key.app-manager-prod-kafka-api-key",
            "confluent_environment.production",
            "confluent_kafka_cluster.standard",
            "confluent_service_account.app-connector-prod",
            "confluent_service_account.app-manager-prod"
          ]
        }
      ]
    },
    {
      "mode": "managed",
      "type": "confluent_kafka_acl",
      "name": "app-connector-prod-describe-on-cluster",
      "provider": "provider[\"registry.terraform.io/confluentinc/confluent\"]",
      "instances": [
        {
          "schema_version": 2,
          "attributes": {
            "credentials": [
              {
                "key": "D5LKSYHNLXOYCVTH",
                "secret": "IGXoQxLg7PRM07tZZxhcr/+cdyDw2SwlnTZ3exKz0wz6ywH3TdHa4xH57DN+hoi/"
              }
            ],
            "host": "*",
            "id": "lkc-qrrx0p/CLUSTER#kafka-cluster#LITERAL#User:sa-nyd73k#*#DESCRIBE#ALLOW",
            "kafka_cluster": [
              {
                "id": "lkc-qrrx0p"
              }
            ],
            "operation": "DESCRIBE",
            "pattern_type": "LITERAL",
            "permission": "ALLOW",
            "principal": "User:sa-nyd73k",
            "resource_name": "kafka-cluster",
            "resource_type": "CLUSTER",
            "rest_endpoint": "https://pkc-n00kk.us-east-1.aws.confluent.cloud:443"
          },
          "sensitive_attributes": [
            [
              {
                "type": "get_attr",
                "value": "credentials"
              },
              {
                "type": "index",
                "value": {
                  "value": 0,
                  "type": "number"
                }
              },
              {
                "type": "get_attr",
                "value": "secret"
              }
            ]
          ],
          "private": "eyJzY2hlbWFfdmVyc2lvbiI6IjIifQ==",
          "dependencies": [
            "confluent_api_key.app-manager-prod-kafka-api-key",
            "confluent_environment.production",
            "confluent_kafka_cluster.standard",
            "confluent_service_account.app-connector-prod",
            "confluent_service_account.app-manager-prod"
          ]
        }
      ]
    },
    {
      "mode": "managed",
      "type": "confluent_kafka_acl",
      "name": "app-connector-prod-describe-on-pksql-topic",
      "provider": "provider[\"registry.terraform.io/confluentinc/confluent\"]",
      "instances": [
        {
          "schema_version": 2,
          "attributes": {
            "credentials": [
              {
                "key": "D5LKSYHNLXOYCVTH",
                "secret": "IGXoQxLg7PRM07tZZxhcr/+cdyDw2SwlnTZ3exKz0wz6ywH3TdHa4xH57DN+hoi/"
              }
            ],
            "host": "*",
            "id": "lkc-qrrx0p/TOPIC#pksqlc-#PREFIXED#User:sa-nyd73k#*#DESCRIBE#ALLOW",
            "kafka_cluster": [
              {
                "id": "lkc-qrrx0p"
              }
            ],
            "operation": "DESCRIBE",
            "pattern_type": "PREFIXED",
            "permission": "ALLOW",
            "principal": "User:sa-nyd73k",
            "resource_name": "pksqlc-",
            "resource_type": "TOPIC",
            "rest_endpoint": "https://pkc-n00kk.us-east-1.aws.confluent.cloud:443"
          },
          "sensitive_attributes": [
            [
              {
                "type": "get_attr",
                "value": "credentials"
              },
              {
                "type": "index",
                "value": {
                  "value": 0,
                  "type": "number"
                }
              },
              {
                "type": "get_attr",
                "value": "secret"
              }
            ]
          ],
          "private": "eyJzY2hlbWFfdmVyc2lvbiI6IjIifQ==",
          "dependencies": [
            "confluent_api_key.app-manager-prod-kafka-api-key",
            "confluent_environment.production",
            "confluent_kafka_cluster.standard",
            "confluent_service_account.app-connector-prod",
            "confluent_service_account.app-manager-prod"
          ]
        }
      ]
    },
    {
      "mode": "managed",
      "type": "confluent_kafka_acl",
      "name": "app-connector-prod-read-on-connect-lcc-group",
      "provider": "provider[\"registry.terraform.io/confluentinc/confluent\"]",
      "instances": [
        {
          "schema_version": 2,
          "attributes": {
            "credentials": [
              {
                "key": "D5LKSYHNLXOYCVTH",
                "secret": "IGXoQxLg7PRM07tZZxhcr/+cdyDw2SwlnTZ3exKz0wz6ywH3TdHa4xH57DN+hoi/"
              }
            ],
            "host": "*",
            "id": "lkc-qrrx0p/GROUP#connect-lcc#PREFIXED#User:sa-nyd73k#*#READ#ALLOW",
            "kafka_cluster": [
              {
                "id": "lkc-qrrx0p"
              }
            ],
            "operation": "READ",
            "pattern_type": "PREFIXED",
            "permission": "ALLOW",
            "principal": "User:sa-nyd73k",
            "resource_name": "connect-lcc",
            "resource_type": "GROUP",
            "rest_endpoint": "https://pkc-n00kk.us-east-1.aws.confluent.cloud:443"
          },
          "sensitive_attributes": [
            [
              {
                "type": "get_attr",
                "value": "credentials"
              },
              {
                "type": "index",
                "value": {
                  "value": 0,
                  "type": "number"
                }
              },
              {
                "type": "get_attr",
                "value": "secret"
              }
            ]
          ],
          "private": "eyJzY2hlbWFfdmVyc2lvbiI6IjIifQ==",
          "dependencies": [
            "confluent_api_key.app-manager-prod-kafka-api-key",
            "confluent_environment.production",
            "confluent_kafka_cluster.standard",
            "confluent_service_account.app-connector-prod",
            "confluent_service_account.app-manager-prod"
          ]
        }
      ]
    },
    {
      "mode": "managed",
      "type": "confluent_kafka_acl",
      "name": "app-connector-prod-read-on-dbhistory-lcc-group",
      "provider": "provider[\"registry.terraform.io/confluentinc/confluent\"]",
      "instances": [
        {
          "schema_version": 2,
          "attributes": {
            "credentials": [
              {
                "key": "D5LKSYHNLXOYCVTH",
                "secret": "IGXoQxLg7PRM07tZZxhcr/+cdyDw2SwlnTZ3exKz0wz6ywH3TdHa4xH57DN+hoi/"
              }
            ],
            "host": "*",
            "id": "lkc-qrrx0p/GROUP#prod-dbhistory#PREFIXED#User:sa-nyd73k#*#READ#ALLOW",
            "kafka_cluster": [
              {
                "id": "lkc-qrrx0p"
              }
            ],
            "operation": "READ",
            "pattern_type": "PREFIXED",
            "permission": "ALLOW",
            "principal": "User:sa-nyd73k",
            "resource_name": "prod-dbhistory",
            "resource_type": "GROUP",
            "rest_endpoint": "https://pkc-n00kk.us-east-1.aws.confluent.cloud:443"
          },
          "sensitive_attributes": [
            [
              {
                "type": "get_attr",
                "value": "credentials"
              },
              {
                "type": "index",
                "value": {
                  "value": 0,
                  "type": "number"
                }
              },
              {
                "type": "get_attr",
                "value": "secret"
              }
            ]
          ],
          "private": "eyJzY2hlbWFfdmVyc2lvbiI6IjIifQ==",
          "dependencies": [
            "confluent_api_key.app-manager-prod-kafka-api-key",
            "confluent_environment.production",
            "confluent_kafka_cluster.standard",
            "confluent_service_account.app-connector-prod",
            "confluent_service_account.app-manager-prod"
          ]
        }
      ]
    },
    {
      "mode": "managed",
      "type": "confluent_kafka_acl",
      "name": "app-connector-prod-read-on-pksql-topic",
      "provider": "provider[\"registry.terraform.io/confluentinc/confluent\"]",
      "instances": [
        {
          "schema_version": 2,
          "attributes": {
            "credentials": [
              {
                "key": "D5LKSYHNLXOYCVTH",
                "secret": "IGXoQxLg7PRM07tZZxhcr/+cdyDw2SwlnTZ3exKz0wz6ywH3TdHa4xH57DN+hoi/"
              }
            ],
            "host": "*",
            "id": "lkc-qrrx0p/TOPIC#pksqlc-#PREFIXED#User:sa-nyd73k#*#READ#ALLOW",
            "kafka_cluster": [
              {
                "id": "lkc-qrrx0p"
              }
            ],
            "operation": "READ",
            "pattern_type": "PREFIXED",
            "permission": "ALLOW",
            "principal": "User:sa-nyd73k",
            "resource_name": "pksqlc-",
            "resource_type": "TOPIC",
            "rest_endpoint": "https://pkc-n00kk.us-east-1.aws.confluent.cloud:443"
          },
          "sensitive_attributes": [
            [
              {
                "type": "get_attr",
                "value": "credentials"
              },
              {
                "type": "index",
                "value": {
                  "value": 0,
                  "type": "number"
                }
              },
              {
                "type": "get_attr",
                "value": "secret"
              }
            ]
          ],
          "private": "eyJzY2hlbWFfdmVyc2lvbiI6IjIifQ==",
          "dependencies": [
            "confluent_api_key.app-manager-prod-kafka-api-key",
            "confluent_environment.production",
            "confluent_kafka_cluster.standard",
            "confluent_service_account.app-connector-prod",
            "confluent_service_account.app-manager-prod"
          ]
        }
      ]
    },
    {
      "mode": "managed",
      "type": "confluent_kafka_acl",
      "name": "app-connector-prod-read-on-target-topic",
      "provider": "provider[\"registry.terraform.io/confluentinc/confluent\"]",
      "instances": [
        {
          "schema_version": 2,
          "attributes": {
            "credentials": [
              {
                "key": "D5LKSYHNLXOYCVTH",
                "secret": "IGXoQxLg7PRM07tZZxhcr/+cdyDw2SwlnTZ3exKz0wz6ywH3TdHa4xH57DN+hoi/"
              }
            ],
            "host": "*",
            "id": "lkc-qrrx0p/TOPIC#*#PREFIXED#User:sa-nyd73k#*#READ#ALLOW",
            "kafka_cluster": [
              {
                "id": "lkc-qrrx0p"
              }
            ],
            "operation": "READ",
            "pattern_type": "PREFIXED",
            "permission": "ALLOW",
            "principal": "User:sa-nyd73k",
            "resource_name": "*",
            "resource_type": "TOPIC",
            "rest_endpoint": "https://pkc-n00kk.us-east-1.aws.confluent.cloud:443"
          },
          "sensitive_attributes": [
            [
              {
                "type": "get_attr",
                "value": "credentials"
              },
              {
                "type": "index",
                "value": {
                  "value": 0,
                  "type": "number"
                }
              },
              {
                "type": "get_attr",
                "value": "secret"
              }
            ]
          ],
          "private": "eyJzY2hlbWFfdmVyc2lvbiI6IjIifQ==",
          "dependencies": [
            "confluent_api_key.app-manager-prod-kafka-api-key",
            "confluent_environment.production",
            "confluent_kafka_cluster.standard",
            "confluent_service_account.app-connector-prod",
            "confluent_service_account.app-manager-prod"
          ]
        }
      ]
    },
    {
      "mode": "managed",
      "type": "confluent_kafka_acl",
      "name": "app-connector-prod-write-on-dbhistory-topic",
      "provider": "provider[\"registry.terraform.io/confluentinc/confluent\"]",
      "instances": [
        {
          "schema_version": 2,
          "attributes": {
            "credentials": [
              {
                "key": "D5LKSYHNLXOYCVTH",
                "secret": "IGXoQxLg7PRM07tZZxhcr/+cdyDw2SwlnTZ3exKz0wz6ywH3TdHa4xH57DN+hoi/"
              }
            ],
            "host": "*",
            "id": "lkc-qrrx0p/TOPIC#dbhistory.prod.lcc-#PREFIXED#User:sa-nyd73k#*#WRITE#ALLOW",
            "kafka_cluster": [
              {
                "id": "lkc-qrrx0p"
              }
            ],
            "operation": "WRITE",
            "pattern_type": "PREFIXED",
            "permission": "ALLOW",
            "principal": "User:sa-nyd73k",
            "resource_name": "dbhistory.prod.lcc-",
            "resource_type": "TOPIC",
            "rest_endpoint": "https://pkc-n00kk.us-east-1.aws.confluent.cloud:443"
          },
          "sensitive_attributes": [
            [
              {
                "type": "get_attr",
                "value": "credentials"
              },
              {
                "type": "index",
                "value": {
                  "value": 0,
                  "type": "number"
                }
              },
              {
                "type": "get_attr",
                "value": "secret"
              }
            ]
          ],
          "private": "eyJzY2hlbWFfdmVyc2lvbiI6IjIifQ==",
          "dependencies": [
            "confluent_api_key.app-manager-prod-kafka-api-key",
            "confluent_environment.production",
            "confluent_kafka_cluster.standard",
            "confluent_service_account.app-connector-prod",
            "confluent_service_account.app-manager-prod"
          ]
        }
      ]
    },
    {
      "mode": "managed",
      "type": "confluent_kafka_acl",
      "name": "app-connector-prod-write-on-dlq-lcc-topics",
      "provider": "provider[\"registry.terraform.io/confluentinc/confluent\"]",
      "instances": [
        {
          "schema_version": 2,
          "attributes": {
            "credentials": [
              {
                "key": "D5LKSYHNLXOYCVTH",
                "secret": "IGXoQxLg7PRM07tZZxhcr/+cdyDw2SwlnTZ3exKz0wz6ywH3TdHa4xH57DN+hoi/"
              }
            ],
            "host": "*",
            "id": "lkc-qrrx0p/TOPIC#dlq-lcc#PREFIXED#User:sa-nyd73k#*#WRITE#ALLOW",
            "kafka_cluster": [
              {
                "id": "lkc-qrrx0p"
              }
            ],
            "operation": "WRITE",
            "pattern_type": "PREFIXED",
            "permission": "ALLOW",
            "principal": "User:sa-nyd73k",
            "resource_name": "dlq-lcc",
            "resource_type": "TOPIC",
            "rest_endpoint": "https://pkc-n00kk.us-east-1.aws.confluent.cloud:443"
          },
          "sensitive_attributes": [
            [
              {
                "type": "get_attr",
                "value": "credentials"
              },
              {
                "type": "index",
                "value": {
                  "value": 0,
                  "type": "number"
                }
              },
              {
                "type": "get_attr",
                "value": "secret"
              }
            ]
          ],
          "private": "eyJzY2hlbWFfdmVyc2lvbiI6IjIifQ==",
          "dependencies": [
            "confluent_api_key.app-manager-prod-kafka-api-key",
            "confluent_environment.production",
            "confluent_kafka_cluster.standard",
            "confluent_service_account.app-connector-prod",
            "confluent_service_account.app-manager-prod"
          ]
        }
      ]
    },
    {
      "mode": "managed",
      "type": "confluent_kafka_acl",
      "name": "app-connector-prod-write-on-error-lcc-topics",
      "provider": "provider[\"registry.terraform.io/confluentinc/confluent\"]",
      "instances": [
        {
          "schema_version": 2,
          "attributes": {
            "credentials": [
              {
                "key": "D5LKSYHNLXOYCVTH",
                "secret": "IGXoQxLg7PRM07tZZxhcr/+cdyDw2SwlnTZ3exKz0wz6ywH3TdHa4xH57DN+hoi/"
              }
            ],
            "host": "*",
            "id": "lkc-qrrx0p/TOPIC#error-lcc#PREFIXED#User:sa-nyd73k#*#WRITE#ALLOW",
            "kafka_cluster": [
              {
                "id": "lkc-qrrx0p"
              }
            ],
            "operation": "WRITE",
            "pattern_type": "PREFIXED",
            "permission": "ALLOW",
            "principal": "User:sa-nyd73k",
            "resource_name": "error-lcc",
            "resource_type": "TOPIC",
            "rest_endpoint": "https://pkc-n00kk.us-east-1.aws.confluent.cloud:443"
          },
          "sensitive_attributes": [
            [
              {
                "type": "get_attr",
                "value": "credentials"
              },
              {
                "type": "index",
                "value": {
                  "value": 0,
                  "type": "number"
                }
              },
              {
                "type": "get_attr",
                "value": "secret"
              }
            ]
          ],
          "private": "eyJzY2hlbWFfdmVyc2lvbiI6IjIifQ==",
          "dependencies": [
            "confluent_api_key.app-manager-prod-kafka-api-key",
            "confluent_environment.production",
            "confluent_kafka_cluster.standard",
            "confluent_service_account.app-connector-prod",
            "confluent_service_account.app-manager-prod"
          ]
        }
      ]
    },
    {
      "mode": "managed",
      "type": "confluent_kafka_acl",
      "name": "app-connector-prod-write-on-success-lcc-topics",
      "provider": "provider[\"registry.terraform.io/confluentinc/confluent\"]",
      "instances": [
        {
          "schema_version": 2,
          "attributes": {
            "credentials": [
              {
                "key": "D5LKSYHNLXOYCVTH",
                "secret": "IGXoQxLg7PRM07tZZxhcr/+cdyDw2SwlnTZ3exKz0wz6ywH3TdHa4xH57DN+hoi/"
              }
            ],
            "host": "*",
            "id": "lkc-qrrx0p/TOPIC#success-lcc#PREFIXED#User:sa-nyd73k#*#WRITE#ALLOW",
            "kafka_cluster": [
              {
                "id": "lkc-qrrx0p"
              }
            ],
            "operation": "WRITE",
            "pattern_type": "PREFIXED",
            "permission": "ALLOW",
            "principal": "User:sa-nyd73k",
            "resource_name": "success-lcc",
            "resource_type": "TOPIC",
            "rest_endpoint": "https://pkc-n00kk.us-east-1.aws.confluent.cloud:443"
          },
          "sensitive_attributes": [
            [
              {
                "type": "get_attr",
                "value": "credentials"
              },
              {
                "type": "index",
                "value": {
                  "value": 0,
                  "type": "number"
                }
              },
              {
                "type": "get_attr",
                "value": "secret"
              }
            ]
          ],
          "private": "eyJzY2hlbWFfdmVyc2lvbiI6IjIifQ==",
          "dependencies": [
            "confluent_api_key.app-manager-prod-kafka-api-key",
            "confluent_environment.production",
            "confluent_kafka_cluster.standard",
            "confluent_service_account.app-connector-prod",
            "confluent_service_account.app-manager-prod"
          ]
        }
      ]
    },
    {
      "mode": "managed",
      "type": "confluent_kafka_acl",
      "name": "app-connector-prod-write-on-topic",
      "provider": "provider[\"registry.terraform.io/confluentinc/confluent\"]",
      "instances": [
        {
          "schema_version": 2,
          "attributes": {
            "credentials": [
              {
                "key": "D5LKSYHNLXOYCVTH",
                "secret": "IGXoQxLg7PRM07tZZxhcr/+cdyDw2SwlnTZ3exKz0wz6ywH3TdHa4xH57DN+hoi/"
              }
            ],
            "host": "*",
            "id": "lkc-qrrx0p/TOPIC#prod#PREFIXED#User:sa-nyd73k#*#WRITE#ALLOW",
            "kafka_cluster": [
              {
                "id": "lkc-qrrx0p"
              }
            ],
            "operation": "WRITE",
            "pattern_type": "PREFIXED",
            "permission": "ALLOW",
            "principal": "User:sa-nyd73k",
            "resource_name": "prod",
            "resource_type": "TOPIC",
            "rest_endpoint": "https://pkc-n00kk.us-east-1.aws.confluent.cloud:443"
          },
          "sensitive_attributes": [
            [
              {
                "type": "get_attr",
                "value": "credentials"
              },
              {
                "type": "index",
                "value": {
                  "value": 0,
                  "type": "number"
                }
              },
              {
                "type": "get_attr",
                "value": "secret"
              }
            ]
          ],
          "private": "eyJzY2hlbWFfdmVyc2lvbiI6IjIifQ==",
          "dependencies": [
            "confluent_api_key.app-manager-prod-kafka-api-key",
            "confluent_environment.production",
            "confluent_kafka_cluster.standard",
            "confluent_service_account.app-connector-prod",
            "confluent_service_account.app-manager-prod"
          ]
        }
      ]
    },
    {
      "mode": "managed",
      "type": "confluent_kafka_acl",
      "name": "app-producer-prod-write-on-topic",
      "provider": "provider[\"registry.terraform.io/confluentinc/confluent\"]",
      "instances": [
        {
          "schema_version": 2,
          "attributes": {
            "credentials": [
              {
                "key": "D5LKSYHNLXOYCVTH",
                "secret": "IGXoQxLg7PRM07tZZxhcr/+cdyDw2SwlnTZ3exKz0wz6ywH3TdHa4xH57DN+hoi/"
              }
            ],
            "host": "*",
            "id": "lkc-qrrx0p/TOPIC#*#PREFIXED#User:sa-z3v8r3#*#WRITE#ALLOW",
            "kafka_cluster": [
              {
                "id": "lkc-qrrx0p"
              }
            ],
            "operation": "WRITE",
            "pattern_type": "PREFIXED",
            "permission": "ALLOW",
            "principal": "User:sa-z3v8r3",
            "resource_name": "*",
            "resource_type": "TOPIC",
            "rest_endpoint": "https://pkc-n00kk.us-east-1.aws.confluent.cloud:443"
          },
          "sensitive_attributes": [
            [
              {
                "type": "get_attr",
                "value": "credentials"
              },
              {
                "type": "index",
                "value": {
                  "value": 0,
                  "type": "number"
                }
              },
              {
                "type": "get_attr",
                "value": "secret"
              }
            ]
          ],
          "private": "eyJzY2hlbWFfdmVyc2lvbiI6IjIifQ==",
          "dependencies": [
            "confluent_api_key.app-manager-prod-kafka-api-key",
            "confluent_environment.production",
            "confluent_kafka_cluster.standard",
            "confluent_service_account.app-manager-prod",
            "confluent_service_account.app-producer-prod"
          ]
        }
      ]
    },
    {
      "mode": "managed",
      "type": "confluent_kafka_cluster",
      "name": "standard",
      "provider": "provider[\"registry.terraform.io/confluentinc/confluent\"]",
      "instances": [
        {
          "schema_version": 1,
          "attributes": {
            "api_version": "cmk/v2",
            "availability": "SINGLE_ZONE",
            "basic": [],
            "bootstrap_endpoint": "SASL_SSL://pkc-n00kk.us-east-1.aws.confluent.cloud:9092",
            "cloud": "AWS",
            "dedicated": [],
            "display_name": "stage_standard_kafka_cluster",
            "environment": [
              {
                "id": "env-nvjdm3"
              }
            ],
            "id": "lkc-qrrx0p",
            "kind": "Cluster",
            "network": [
              {
                "id": ""
              }
            ],
            "rbac_crn": "crn://confluent.cloud/organization=83432fb1-6b1e-4e48-aee0-b8fcffe017cd/environment=env-nvjdm3/cloud-cluster=lkc-qrrx0p",
            "region": "us-east-1",
            "rest_endpoint": "https://pkc-n00kk.us-east-1.aws.confluent.cloud:443",
            "standard": [
              {}
            ],
            "timeouts": null
          },
          "sensitive_attributes": [],
          "private": "eyJlMmJmYjczMC1lY2FhLTExZTYtOGY4OC0zNDM2M2JjN2M0YzAiOnsiY3JlYXRlIjoyNTkyMDAwMDAwMDAwMDAsInVwZGF0ZSI6MjU5MjAwMDAwMDAwMDAwfSwic2NoZW1hX3ZlcnNpb24iOiIxIn0=",
          "dependencies": [
            "confluent_environment.production"
          ]
        }
      ]
    },
    {
      "mode": "managed",
      "type": "confluent_kafka_topic",
      "name": "pksqlc-qw217PQ_FORM_NEC",
      "provider": "provider[\"registry.terraform.io/confluentinc/confluent\"]",
      "instances": [
        {
          "schema_version": 2,
          "attributes": {
            "config": {},
            "credentials": [
              {
                "key": "D5LKSYHNLXOYCVTH",
                "secret": "IGXoQxLg7PRM07tZZxhcr/+cdyDw2SwlnTZ3exKz0wz6ywH3TdHa4xH57DN+hoi/"
              }
            ],
            "id": "lkc-qrrx0p/pksqlc-qw217PQ_FORM_NEC",
            "kafka_cluster": [
              {
                "id": "lkc-qrrx0p"
              }
            ],
            "partitions_count": 1,
            "rest_endpoint": "https://pkc-n00kk.us-east-1.aws.confluent.cloud:443",
            "topic_name": "pksqlc-qw217PQ_FORM_NEC"
          },
          "sensitive_attributes": [
            [
              {
                "type": "get_attr",
                "value": "credentials"
              },
              {
                "type": "index",
                "value": {
                  "value": 0,
                  "type": "number"
                }
              },
              {
                "type": "get_attr",
                "value": "secret"
              }
            ]
          ],
          "private": "eyJzY2hlbWFfdmVyc2lvbiI6IjIifQ==",
          "dependencies": [
            "confluent_api_key.app-manager-prod-kafka-api-key",
            "confluent_environment.production",
            "confluent_kafka_cluster.standard",
            "confluent_service_account.app-manager-prod"
          ]
        }
      ]
    },
    {
      "mode": "managed",
      "type": "confluent_kafka_topic",
      "name": "pksqlc-qw217PQ_FORM_W2",
      "provider": "provider[\"registry.terraform.io/confluentinc/confluent\"]",
      "instances": [
        {
          "schema_version": 2,
          "attributes": {
            "config": {},
            "credentials": [
              {
                "key": "D5LKSYHNLXOYCVTH",
                "secret": "IGXoQxLg7PRM07tZZxhcr/+cdyDw2SwlnTZ3exKz0wz6ywH3TdHa4xH57DN+hoi/"
              }
            ],
            "id": "lkc-qrrx0p/pksqlc-qw217PQ_FORM_W2",
            "kafka_cluster": [
              {
                "id": "lkc-qrrx0p"
              }
            ],
            "partitions_count": 1,
            "rest_endpoint": "https://pkc-n00kk.us-east-1.aws.confluent.cloud:443",
            "topic_name": "pksqlc-qw217PQ_FORM_W2"
          },
          "sensitive_attributes": [
            [
              {
                "type": "get_attr",
                "value": "credentials"
              },
              {
                "type": "index",
                "value": {
                  "value": 0,
                  "type": "number"
                }
              },
              {
                "type": "get_attr",
                "value": "secret"
              }
            ]
          ],
          "private": "eyJzY2hlbWFfdmVyc2lvbiI6IjIifQ==",
          "dependencies": [
            "confluent_api_key.app-manager-prod-kafka-api-key",
            "confluent_environment.production",
            "confluent_kafka_cluster.standard",
            "confluent_service_account.app-manager-prod"
          ]
        }
      ]
    },
    {
      "mode": "managed",
      "type": "confluent_ksql_cluster",
      "name": "stage-ksql-cluster-db",
      "provider": "provider[\"registry.terraform.io/confluentinc/confluent\"]",
      "instances": [
        {
          "schema_version": 0,
          "attributes": {
            "api_version": "ksqldbcm/v2",
            "credential_identity": [
              {
                "id": "sa-3nqogw"
              }
            ],
            "csu": 1,
            "display_name": "stage-ksql-cluster-db",
            "environment": [
              {
                "id": "env-nvjdm3"
              }
            ],
            "id": "lksqlc-vrr0d5",
            "kafka_cluster": [
              {
                "id": "lkc-qrrx0p"
              }
            ],
            "kind": "Cluster",
            "rest_endpoint": "https://pksqlc-xwrmg.us-east-1.aws.confluent.cloud:443",
            "storage": 125,
            "timeouts": null,
            "topic_prefix": "pksqlc-xwrmg",
            "use_detailed_processing_log": true
          },
          "sensitive_attributes": [],
          "private": "eyJlMmJmYjczMC1lY2FhLTExZTYtOGY4OC0zNDM2M2JjN2M0YzAiOnsiY3JlYXRlIjo0MzIwMDAwMDAwMDAwMH19",
          "dependencies": [
            "confluent_environment.production",
            "confluent_kafka_cluster.standard",
            "confluent_role_binding.app-manager-prod-kafka-cluster-admin",
            "confluent_schema_registry_cluster.essentials",
            "confluent_service_account.app-manager-prod",
            "data.confluent_schema_registry_region.essentialsdata"
          ]
        }
      ]
    },
    {
      "mode": "managed",
      "type": "confluent_role_binding",
      "name": "app-manager-prod-kafka-cluster-admin",
      "provider": "provider[\"registry.terraform.io/confluentinc/confluent\"]",
      "instances": [
        {
          "schema_version": 0,
          "attributes": {
            "crn_pattern": "crn://confluent.cloud/organization=83432fb1-6b1e-4e48-aee0-b8fcffe017cd/environment=env-nvjdm3/cloud-cluster=lkc-qrrx0p",
            "id": "rb-4eyAz",
            "principal": "User:sa-3nqogw",
            "role_name": "CloudClusterAdmin"
          },
          "sensitive_attributes": [],
          "private": "bnVsbA==",
          "dependencies": [
            "confluent_environment.production",
            "confluent_kafka_cluster.standard",
            "confluent_service_account.app-manager-prod"
          ]
        }
      ]
    },
    {
      "mode": "managed",
      "type": "confluent_schema_registry_cluster",
      "name": "essentials",
      "provider": "provider[\"registry.terraform.io/confluentinc/confluent\"]",
      "instances": [
        {
          "schema_version": 0,
          "attributes": {
            "api_version": "srcm/v2",
            "display_name": "Stream Governance Package",
            "environment": [
              {
                "id": "env-nvjdm3"
              }
            ],
            "id": "lsrc-oqqprx",
            "kind": "Cluster",
            "package": "ESSENTIALS",
            "region": [
              {
                "id": "sgreg-1"
              }
            ],
            "resource_name": "crn://confluent.cloud/organization=83432fb1-6b1e-4e48-aee0-b8fcffe017cd/environment=env-nvjdm3/schema-registry=lsrc-oqqprx",
            "rest_endpoint": "https://psrc-vrpp5.us-east-2.aws.confluent.cloud"
          },
          "sensitive_attributes": [],
          "private": "bnVsbA==",
          "dependencies": [
            "confluent_environment.production",
            "data.confluent_schema_registry_region.essentialsdata"
          ]
        }
      ]
    },
    {
      "mode": "managed",
      "type": "confluent_service_account",
      "name": "app-connector-prod",
      "provider": "provider[\"registry.terraform.io/confluentinc/confluent\"]",
      "instances": [
        {
          "schema_version": 0,
          "attributes": {
            "api_version": "iam/v2",
            "description": "Service account for connector in standard cluster",
            "display_name": "app-connector-prod",
            "id": "sa-nyd73k",
            "kind": "ServiceAccount"
          },
          "sensitive_attributes": [],
          "private": "bnVsbA=="
        }
      ]
    },
    {
      "mode": "managed",
      "type": "confluent_service_account",
      "name": "app-manager-prod",
      "provider": "provider[\"registry.terraform.io/confluentinc/confluent\"]",
      "instances": [
        {
          "schema_version": 0,
          "attributes": {
            "api_version": "iam/v2",
            "description": "Service account to manage 'stage_standard_kafka_cluster' Kafka cluster",
            "display_name": "app-manager-prod",
            "id": "sa-3nqogw",
            "kind": "ServiceAccount"
          },
          "sensitive_attributes": [],
          "private": "bnVsbA=="
        }
      ]
    },
    {
      "mode": "managed",
      "type": "confluent_service_account",
      "name": "app-producer-prod",
      "provider": "provider[\"registry.terraform.io/confluentinc/confluent\"]",
      "instances": [
        {
          "schema_version": 0,
          "attributes": {
            "api_version": "iam/v2",
            "description": "Service account to produce to 'orders' topic of 'inventory' Kafka cluster",
            "display_name": "app-producer-prod",
            "id": "sa-z3v8r3",
            "kind": "ServiceAccount"
          },
          "sensitive_attributes": [],
          "private": "bnVsbA=="
        }
      ]
    }
  ],
  "check_results": null
}
